// !$*UTF8*$!
{
	archiveVersion = 1;
	classes = {
	};
	objectVersion = 50;
	objects = {

/* Begin PBXBuildFile section */
		A920C3422202F3F8000F6337 /* NetworkReachability.swift in Sources */ = {isa = PBXBuildFile; fileRef = A920C3412202F3F8000F6337 /* NetworkReachability.swift */; };
		A920C3432202F3F8000F6337 /* NetworkReachability.swift in Sources */ = {isa = PBXBuildFile; fileRef = A920C3412202F3F8000F6337 /* NetworkReachability.swift */; };
		A920C3442202F3F8000F6337 /* NetworkReachability.swift in Sources */ = {isa = PBXBuildFile; fileRef = A920C3412202F3F8000F6337 /* NetworkReachability.swift */; };
		A920C3462203429F000F6337 /* KafkaSendContext.swift in Sources */ = {isa = PBXBuildFile; fileRef = A920C3452203429F000F6337 /* KafkaSendContext.swift */; };
		A920C3472203429F000F6337 /* KafkaSendContext.swift in Sources */ = {isa = PBXBuildFile; fileRef = A920C3452203429F000F6337 /* KafkaSendContext.swift */; };
		A920C3482203429F000F6337 /* KafkaSendContext.swift in Sources */ = {isa = PBXBuildFile; fileRef = A920C3452203429F000F6337 /* KafkaSendContext.swift */; };
		A9350E5E21CC1DEF004BECCA /* OAuth.swift in Sources */ = {isa = PBXBuildFile; fileRef = A9350E5D21CC1DEF004BECCA /* OAuth.swift */; };
		A9350E5F21CC1DEF004BECCA /* OAuth.swift in Sources */ = {isa = PBXBuildFile; fileRef = A9350E5D21CC1DEF004BECCA /* OAuth.swift */; };
		A9350E6021CC1DEF004BECCA /* OAuth.swift in Sources */ = {isa = PBXBuildFile; fileRef = A9350E5D21CC1DEF004BECCA /* OAuth.swift */; };
		A997B27021BEF1AB0029B43B /* AppDelegate.swift in Sources */ = {isa = PBXBuildFile; fileRef = A997B26F21BEF1AB0029B43B /* AppDelegate.swift */; };
		A997B27221BEF1AB0029B43B /* ViewController.swift in Sources */ = {isa = PBXBuildFile; fileRef = A997B27121BEF1AB0029B43B /* ViewController.swift */; };
		A997B27521BEF1AB0029B43B /* Main.storyboard in Resources */ = {isa = PBXBuildFile; fileRef = A997B27321BEF1AB0029B43B /* Main.storyboard */; };
		A997B27A21BEF1AC0029B43B /* Assets.xcassets in Resources */ = {isa = PBXBuildFile; fileRef = A997B27921BEF1AC0029B43B /* Assets.xcassets */; };
		A997B27D21BEF1AC0029B43B /* LaunchScreen.storyboard in Resources */ = {isa = PBXBuildFile; fileRef = A997B27B21BEF1AC0029B43B /* LaunchScreen.storyboard */; };
		A997B28821BEF1AC0029B43B /* radar_prmt_iosTests.swift in Sources */ = {isa = PBXBuildFile; fileRef = A997B28721BEF1AC0029B43B /* radar_prmt_iosTests.swift */; };
		A997B29321BEF1AC0029B43B /* radar_prmt_iosUITests.swift in Sources */ = {isa = PBXBuildFile; fileRef = A997B29221BEF1AC0029B43B /* radar_prmt_iosUITests.swift */; };
		A997B2A521BEFFF70029B43B /* TopicWriter.swift in Sources */ = {isa = PBXBuildFile; fileRef = A997B2A421BEFFF70029B43B /* TopicWriter.swift */; };
		A997B2A621BEFFF70029B43B /* TopicWriter.swift in Sources */ = {isa = PBXBuildFile; fileRef = A997B2A421BEFFF70029B43B /* TopicWriter.swift */; };
		A997B2A721BEFFF70029B43B /* TopicWriter.swift in Sources */ = {isa = PBXBuildFile; fileRef = A997B2A421BEFFF70029B43B /* TopicWriter.swift */; };
		A997B2AA21BF9FB60029B43B /* CoreData.framework in Frameworks */ = {isa = PBXBuildFile; fileRef = A997B2A921BF9FB60029B43B /* CoreData.framework */; };
		A997B2AC21BF9FBD0029B43B /* Foundation.framework in Frameworks */ = {isa = PBXBuildFile; fileRef = A997B2AB21BF9FBD0029B43B /* Foundation.framework */; };
		A997B2B921BFA8500029B43B /* radar_prmt_ios.xcdatamodeld in Sources */ = {isa = PBXBuildFile; fileRef = A997B27621BEF1AB0029B43B /* radar_prmt_ios.xcdatamodeld */; };
		A997B2BA21BFA8500029B43B /* radar_prmt_ios.xcdatamodeld in Sources */ = {isa = PBXBuildFile; fileRef = A997B27621BEF1AB0029B43B /* radar_prmt_ios.xcdatamodeld */; };
		A997B2BB21BFA8510029B43B /* radar_prmt_ios.xcdatamodeld in Sources */ = {isa = PBXBuildFile; fileRef = A997B27621BEF1AB0029B43B /* radar_prmt_ios.xcdatamodeld */; };
		A9B4A32C21E7575C00C650E8 /* TopicReader.swift in Sources */ = {isa = PBXBuildFile; fileRef = A9B4A32B21E7575C00C650E8 /* TopicReader.swift */; };
		A9B4A32D21E77D5000C650E8 /* TopicReader.swift in Sources */ = {isa = PBXBuildFile; fileRef = A9B4A32B21E7575C00C650E8 /* TopicReader.swift */; };
		A9B4A32E21E77D5000C650E8 /* TopicReader.swift in Sources */ = {isa = PBXBuildFile; fileRef = A9B4A32B21E7575C00C650E8 /* TopicReader.swift */; };
		A9BB00D121F5CBD30012077F /* AvroTopic.swift in Sources */ = {isa = PBXBuildFile; fileRef = A9CC807421DE63B40067FA77 /* AvroTopic.swift */; };
		A9BB00D221F5CBD30012077F /* AvroTopic.swift in Sources */ = {isa = PBXBuildFile; fileRef = A9CC807421DE63B40067FA77 /* AvroTopic.swift */; };
		A9BB00E821F62BBB0012077F /* BlueSteel.framework in Frameworks */ = {isa = PBXBuildFile; fileRef = A9BB00E721F62BBB0012077F /* BlueSteel.framework */; };
		A9BB00E921F62BBB0012077F /* BlueSteel.framework in Frameworks */ = {isa = PBXBuildFile; fileRef = A9BB00E721F62BBB0012077F /* BlueSteel.framework */; };
		A9BB00EA21F62BBB0012077F /* BlueSteel.framework in Frameworks */ = {isa = PBXBuildFile; fileRef = A9BB00E721F62BBB0012077F /* BlueSteel.framework */; };
		A9BB00EB21F62BF60012077F /* BlueSteel.framework in Embed Frameworks */ = {isa = PBXBuildFile; fileRef = A9BB00E721F62BBB0012077F /* BlueSteel.framework */; settings = {ATTRIBUTES = (CodeSignOnCopy, RemoveHeadersOnCopy, ); }; };
		A9CC806E21DE5F6B0067FA77 /* CoreLocation.framework in Frameworks */ = {isa = PBXBuildFile; fileRef = A9CC806D21DE5F6B0067FA77 /* CoreLocation.framework */; };
		A9CC807221DE60C90067FA77 /* LocationManager.swift in Sources */ = {isa = PBXBuildFile; fileRef = A9CC807121DE60C90067FA77 /* LocationManager.swift */; };
		A9CC807521DE63B40067FA77 /* AvroTopic.swift in Sources */ = {isa = PBXBuildFile; fileRef = A9CC807421DE63B40067FA77 /* AvroTopic.swift */; };
		A9D9280A21F87EE7007BB030 /* SpamManager.swift in Sources */ = {isa = PBXBuildFile; fileRef = A9D9280921F87EE7007BB030 /* SpamManager.swift */; };
		A9D9280D21F8A917007BB030 /* KafkaSender.swift in Sources */ = {isa = PBXBuildFile; fileRef = A9D9280C21F8A917007BB030 /* KafkaSender.swift */; };
		A9D9280E21F8A917007BB030 /* KafkaSender.swift in Sources */ = {isa = PBXBuildFile; fileRef = A9D9280C21F8A917007BB030 /* KafkaSender.swift */; };
		A9D9280F21F8A917007BB030 /* KafkaSender.swift in Sources */ = {isa = PBXBuildFile; fileRef = A9D9280C21F8A917007BB030 /* KafkaSender.swift */; };
		A9D9281121F8AA62007BB030 /* SchemaRegistryClient.swift in Sources */ = {isa = PBXBuildFile; fileRef = A9D9281021F8AA62007BB030 /* SchemaRegistryClient.swift */; };
		A9D9281221F8AA62007BB030 /* SchemaRegistryClient.swift in Sources */ = {isa = PBXBuildFile; fileRef = A9D9281021F8AA62007BB030 /* SchemaRegistryClient.swift */; };
		A9D9281321F8AA62007BB030 /* SchemaRegistryClient.swift in Sources */ = {isa = PBXBuildFile; fileRef = A9D9281021F8AA62007BB030 /* SchemaRegistryClient.swift */; };
		A9D9281521F8BFB9007BB030 /* DataController.swift in Sources */ = {isa = PBXBuildFile; fileRef = A9D9281421F8BFB9007BB030 /* DataController.swift */; };
		A9D9281621F8BFB9007BB030 /* DataController.swift in Sources */ = {isa = PBXBuildFile; fileRef = A9D9281421F8BFB9007BB030 /* DataController.swift */; };
		A9D9281721F8BFB9007BB030 /* DataController.swift in Sources */ = {isa = PBXBuildFile; fileRef = A9D9281421F8BFB9007BB030 /* DataController.swift */; };
		A9D9281921F8C1B2007BB030 /* SourceController.swift in Sources */ = {isa = PBXBuildFile; fileRef = A9D9281821F8C1B2007BB030 /* SourceController.swift */; };
		A9D9281A21F8C1B2007BB030 /* SourceController.swift in Sources */ = {isa = PBXBuildFile; fileRef = A9D9281821F8C1B2007BB030 /* SourceController.swift */; };
		A9D9281B21F8C1B2007BB030 /* SourceController.swift in Sources */ = {isa = PBXBuildFile; fileRef = A9D9281821F8C1B2007BB030 /* SourceController.swift */; };
		A9D9281D21F8C4E0007BB030 /* KafkaController.swift in Sources */ = {isa = PBXBuildFile; fileRef = A9D9281C21F8C4E0007BB030 /* KafkaController.swift */; };
		A9D9281E21F8C4E0007BB030 /* KafkaController.swift in Sources */ = {isa = PBXBuildFile; fileRef = A9D9281C21F8C4E0007BB030 /* KafkaController.swift */; };
		A9D9281F21F8C4E0007BB030 /* KafkaController.swift in Sources */ = {isa = PBXBuildFile; fileRef = A9D9281C21F8C4E0007BB030 /* KafkaController.swift */; };
		A9D9282221F9D539007BB030 /* CachedCollections.swift in Sources */ = {isa = PBXBuildFile; fileRef = A9D9282121F9D539007BB030 /* CachedCollections.swift */; };
		A9D9282321F9D539007BB030 /* CachedCollections.swift in Sources */ = {isa = PBXBuildFile; fileRef = A9D9282121F9D539007BB030 /* CachedCollections.swift */; };
		A9D9282421F9D539007BB030 /* CachedCollections.swift in Sources */ = {isa = PBXBuildFile; fileRef = A9D9282121F9D539007BB030 /* CachedCollections.swift */; };
		A9F970B421C03C340003FF5F /* SourceManager.swift in Sources */ = {isa = PBXBuildFile; fileRef = A9F970B321C03C340003FF5F /* SourceManager.swift */; };
		A9F970B521C03C340003FF5F /* SourceManager.swift in Sources */ = {isa = PBXBuildFile; fileRef = A9F970B321C03C340003FF5F /* SourceManager.swift */; };
		A9F970B621C03C340003FF5F /* SourceManager.swift in Sources */ = {isa = PBXBuildFile; fileRef = A9F970B321C03C340003FF5F /* SourceManager.swift */; };
		A9F9715E21C0403A0003FF5F /* radar-schemas.bundle in Resources */ = {isa = PBXBuildFile; fileRef = A9F9715D21C040370003FF5F /* radar-schemas.bundle */; };
		A9F9719421C0FDA60003FF5F /* radar-schemas.bundle in Resources */ = {isa = PBXBuildFile; fileRef = A9F9715D21C040370003FF5F /* radar-schemas.bundle */; };
		A9F9719521C0FDA70003FF5F /* radar-schemas.bundle in Resources */ = {isa = PBXBuildFile; fileRef = A9F9715D21C040370003FF5F /* radar-schemas.bundle */; };
/* End PBXBuildFile section */

/* Begin PBXContainerItemProxy section */
		A997B28421BEF1AC0029B43B /* PBXContainerItemProxy */ = {
			isa = PBXContainerItemProxy;
			containerPortal = A997B26421BEF1AB0029B43B /* Project object */;
			proxyType = 1;
			remoteGlobalIDString = A997B26B21BEF1AB0029B43B;
			remoteInfo = "radar-prmt-ios";
		};
		A997B28F21BEF1AC0029B43B /* PBXContainerItemProxy */ = {
			isa = PBXContainerItemProxy;
			containerPortal = A997B26421BEF1AB0029B43B /* Project object */;
			proxyType = 1;
			remoteGlobalIDString = A997B26B21BEF1AB0029B43B;
			remoteInfo = "radar-prmt-ios";
		};
/* End PBXContainerItemProxy section */

/* Begin PBXCopyFilesBuildPhase section */
		A9F9716221C0F5DB0003FF5F /* Embed Frameworks */ = {
			isa = PBXCopyFilesBuildPhase;
			buildActionMask = 2147483647;
			dstPath = "";
			dstSubfolderSpec = 10;
			files = (
				A9BB00EB21F62BF60012077F /* BlueSteel.framework in Embed Frameworks */,
			);
			name = "Embed Frameworks";
			runOnlyForDeploymentPostprocessing = 0;
		};
/* End PBXCopyFilesBuildPhase section */

/* Begin PBXFileReference section */
		A920C3412202F3F8000F6337 /* NetworkReachability.swift */ = {isa = PBXFileReference; lastKnownFileType = sourcecode.swift; path = NetworkReachability.swift; sourceTree = "<group>"; };
		A920C3452203429F000F6337 /* KafkaSendContext.swift */ = {isa = PBXFileReference; lastKnownFileType = sourcecode.swift; path = KafkaSendContext.swift; sourceTree = "<group>"; };
		A9350E5D21CC1DEF004BECCA /* OAuth.swift */ = {isa = PBXFileReference; lastKnownFileType = sourcecode.swift; path = OAuth.swift; sourceTree = "<group>"; };
		A997B26C21BEF1AB0029B43B /* radar-prmt-ios.app */ = {isa = PBXFileReference; explicitFileType = wrapper.application; includeInIndex = 0; path = "radar-prmt-ios.app"; sourceTree = BUILT_PRODUCTS_DIR; };
		A997B26F21BEF1AB0029B43B /* AppDelegate.swift */ = {isa = PBXFileReference; lastKnownFileType = sourcecode.swift; path = AppDelegate.swift; sourceTree = "<group>"; };
		A997B27121BEF1AB0029B43B /* ViewController.swift */ = {isa = PBXFileReference; lastKnownFileType = sourcecode.swift; path = ViewController.swift; sourceTree = "<group>"; };
		A997B27421BEF1AB0029B43B /* Base */ = {isa = PBXFileReference; lastKnownFileType = file.storyboard; name = Base; path = Base.lproj/Main.storyboard; sourceTree = "<group>"; };
		A997B27721BEF1AB0029B43B /* radar_prmt_ios.xcdatamodel */ = {isa = PBXFileReference; lastKnownFileType = wrapper.xcdatamodel; path = radar_prmt_ios.xcdatamodel; sourceTree = "<group>"; };
		A997B27921BEF1AC0029B43B /* Assets.xcassets */ = {isa = PBXFileReference; lastKnownFileType = folder.assetcatalog; path = Assets.xcassets; sourceTree = "<group>"; };
		A997B27C21BEF1AC0029B43B /* Base */ = {isa = PBXFileReference; lastKnownFileType = file.storyboard; name = Base; path = Base.lproj/LaunchScreen.storyboard; sourceTree = "<group>"; };
		A997B27E21BEF1AC0029B43B /* Info.plist */ = {isa = PBXFileReference; lastKnownFileType = text.plist.xml; path = Info.plist; sourceTree = "<group>"; };
		A997B28321BEF1AC0029B43B /* radar-prmt-iosTests.xctest */ = {isa = PBXFileReference; explicitFileType = wrapper.cfbundle; includeInIndex = 0; path = "radar-prmt-iosTests.xctest"; sourceTree = BUILT_PRODUCTS_DIR; };
		A997B28721BEF1AC0029B43B /* radar_prmt_iosTests.swift */ = {isa = PBXFileReference; lastKnownFileType = sourcecode.swift; path = radar_prmt_iosTests.swift; sourceTree = "<group>"; };
		A997B28921BEF1AC0029B43B /* Info.plist */ = {isa = PBXFileReference; lastKnownFileType = text.plist.xml; path = Info.plist; sourceTree = "<group>"; };
		A997B28E21BEF1AC0029B43B /* radar-prmt-iosUITests.xctest */ = {isa = PBXFileReference; explicitFileType = wrapper.cfbundle; includeInIndex = 0; path = "radar-prmt-iosUITests.xctest"; sourceTree = BUILT_PRODUCTS_DIR; };
		A997B29221BEF1AC0029B43B /* radar_prmt_iosUITests.swift */ = {isa = PBXFileReference; lastKnownFileType = sourcecode.swift; path = radar_prmt_iosUITests.swift; sourceTree = "<group>"; };
		A997B29421BEF1AC0029B43B /* Info.plist */ = {isa = PBXFileReference; lastKnownFileType = text.plist.xml; path = Info.plist; sourceTree = "<group>"; };
		A997B2A421BEFFF70029B43B /* TopicWriter.swift */ = {isa = PBXFileReference; lastKnownFileType = sourcecode.swift; path = TopicWriter.swift; sourceTree = "<group>"; };
		A997B2A921BF9FB60029B43B /* CoreData.framework */ = {isa = PBXFileReference; lastKnownFileType = wrapper.framework; name = CoreData.framework; path = System/Library/Frameworks/CoreData.framework; sourceTree = SDKROOT; };
		A997B2AB21BF9FBD0029B43B /* Foundation.framework */ = {isa = PBXFileReference; lastKnownFileType = wrapper.framework; name = Foundation.framework; path = System/Library/Frameworks/Foundation.framework; sourceTree = SDKROOT; };
		A9B4A32B21E7575C00C650E8 /* TopicReader.swift */ = {isa = PBXFileReference; lastKnownFileType = sourcecode.swift; path = TopicReader.swift; sourceTree = "<group>"; };
		A9BB00E721F62BBB0012077F /* BlueSteel.framework */ = {isa = PBXFileReference; lastKnownFileType = wrapper.framework; name = BlueSteel.framework; path = Carthage/Build/iOS/BlueSteel.framework; sourceTree = "<group>"; };
		A9CC806D21DE5F6B0067FA77 /* CoreLocation.framework */ = {isa = PBXFileReference; lastKnownFileType = wrapper.framework; name = CoreLocation.framework; path = System/Library/Frameworks/CoreLocation.framework; sourceTree = SDKROOT; };
		A9CC807121DE60C90067FA77 /* LocationManager.swift */ = {isa = PBXFileReference; lastKnownFileType = sourcecode.swift; path = LocationManager.swift; sourceTree = "<group>"; };
		A9CC807421DE63B40067FA77 /* AvroTopic.swift */ = {isa = PBXFileReference; lastKnownFileType = sourcecode.swift; path = AvroTopic.swift; sourceTree = "<group>"; };
		A9D9280921F87EE7007BB030 /* SpamManager.swift */ = {isa = PBXFileReference; lastKnownFileType = sourcecode.swift; path = SpamManager.swift; sourceTree = "<group>"; };
		A9D9280C21F8A917007BB030 /* KafkaSender.swift */ = {isa = PBXFileReference; lastKnownFileType = sourcecode.swift; path = KafkaSender.swift; sourceTree = "<group>"; };
		A9D9281021F8AA62007BB030 /* SchemaRegistryClient.swift */ = {isa = PBXFileReference; lastKnownFileType = sourcecode.swift; path = SchemaRegistryClient.swift; sourceTree = "<group>"; };
		A9D9281421F8BFB9007BB030 /* DataController.swift */ = {isa = PBXFileReference; lastKnownFileType = sourcecode.swift; path = DataController.swift; sourceTree = "<group>"; };
		A9D9281821F8C1B2007BB030 /* SourceController.swift */ = {isa = PBXFileReference; lastKnownFileType = sourcecode.swift; path = SourceController.swift; sourceTree = "<group>"; };
		A9D9281C21F8C4E0007BB030 /* KafkaController.swift */ = {isa = PBXFileReference; lastKnownFileType = sourcecode.swift; path = KafkaController.swift; sourceTree = "<group>"; };
		A9D9282121F9D539007BB030 /* CachedCollections.swift */ = {isa = PBXFileReference; lastKnownFileType = sourcecode.swift; path = CachedCollections.swift; sourceTree = "<group>"; };
		A9F970B321C03C340003FF5F /* SourceManager.swift */ = {isa = PBXFileReference; lastKnownFileType = sourcecode.swift; path = SourceManager.swift; sourceTree = "<group>"; };
		A9F9715D21C040370003FF5F /* radar-schemas.bundle */ = {isa = PBXFileReference; lastKnownFileType = "wrapper.plug-in"; path = "radar-schemas.bundle"; sourceTree = "<group>"; };
/* End PBXFileReference section */

/* Begin PBXFrameworksBuildPhase section */
		A997B26921BEF1AB0029B43B /* Frameworks */ = {
			isa = PBXFrameworksBuildPhase;
			buildActionMask = 2147483647;
			files = (
				A9BB00E821F62BBB0012077F /* BlueSteel.framework in Frameworks */,
				A9CC806E21DE5F6B0067FA77 /* CoreLocation.framework in Frameworks */,
				A997B2AC21BF9FBD0029B43B /* Foundation.framework in Frameworks */,
				A997B2AA21BF9FB60029B43B /* CoreData.framework in Frameworks */,
			);
			runOnlyForDeploymentPostprocessing = 0;
		};
		A997B28021BEF1AC0029B43B /* Frameworks */ = {
			isa = PBXFrameworksBuildPhase;
			buildActionMask = 2147483647;
			files = (
				A9BB00E921F62BBB0012077F /* BlueSteel.framework in Frameworks */,
			);
			runOnlyForDeploymentPostprocessing = 0;
		};
		A997B28B21BEF1AC0029B43B /* Frameworks */ = {
			isa = PBXFrameworksBuildPhase;
			buildActionMask = 2147483647;
			files = (
				A9BB00EA21F62BBB0012077F /* BlueSteel.framework in Frameworks */,
			);
			runOnlyForDeploymentPostprocessing = 0;
		};
/* End PBXFrameworksBuildPhase section */

/* Begin PBXGroup section */
		A907214721C1A1E900C25849 /* data */ = {
			isa = PBXGroup;
			children = (
				A997B27621BEF1AB0029B43B /* radar_prmt_ios.xcdatamodeld */,
				A9B4A32B21E7575C00C650E8 /* TopicReader.swift */,
				A997B2A421BEFFF70029B43B /* TopicWriter.swift */,
				A9D9281421F8BFB9007BB030 /* DataController.swift */,
			);
			path = data;
			sourceTree = "<group>";
		};
		A9350E5C21CC1DDC004BECCA /* auth */ = {
			isa = PBXGroup;
			children = (
				A9350E5D21CC1DEF004BECCA /* OAuth.swift */,
			);
			path = auth;
			sourceTree = "<group>";
		};
		A997B26321BEF1AB0029B43B = {
			isa = PBXGroup;
			children = (
				A997B26E21BEF1AB0029B43B /* radar-prmt-ios */,
				A997B28621BEF1AC0029B43B /* radar-prmt-iosTests */,
				A997B29121BEF1AC0029B43B /* radar-prmt-iosUITests */,
				A997B26D21BEF1AB0029B43B /* Products */,
				A997B2A821BF9FB60029B43B /* Frameworks */,
			);
			sourceTree = "<group>";
		};
		A997B26D21BEF1AB0029B43B /* Products */ = {
			isa = PBXGroup;
			children = (
				A997B26C21BEF1AB0029B43B /* radar-prmt-ios.app */,
				A997B28321BEF1AC0029B43B /* radar-prmt-iosTests.xctest */,
				A997B28E21BEF1AC0029B43B /* radar-prmt-iosUITests.xctest */,
			);
			name = Products;
			sourceTree = "<group>";
		};
		A997B26E21BEF1AB0029B43B /* radar-prmt-ios */ = {
			isa = PBXGroup;
			children = (
				A9CC806F21DE609D0067FA77 /* plugins */,
				A9350E5C21CC1DDC004BECCA /* auth */,
				A907214721C1A1E900C25849 /* data */,
				A9F970B221C03C1D0003FF5F /* source */,
				A997B2B021BFA57D0029B43B /* kafka */,
				A9D9282021F9D4F9007BB030 /* util */,
				A997B26F21BEF1AB0029B43B /* AppDelegate.swift */,
				A997B27121BEF1AB0029B43B /* ViewController.swift */,
				A997B27321BEF1AB0029B43B /* Main.storyboard */,
				A997B27921BEF1AC0029B43B /* Assets.xcassets */,
				A997B27B21BEF1AC0029B43B /* LaunchScreen.storyboard */,
				A997B27E21BEF1AC0029B43B /* Info.plist */,
				A9F9715D21C040370003FF5F /* radar-schemas.bundle */,
			);
			path = "radar-prmt-ios";
			sourceTree = "<group>";
		};
		A997B28621BEF1AC0029B43B /* radar-prmt-iosTests */ = {
			isa = PBXGroup;
			children = (
				A997B28721BEF1AC0029B43B /* radar_prmt_iosTests.swift */,
				A997B28921BEF1AC0029B43B /* Info.plist */,
			);
			path = "radar-prmt-iosTests";
			sourceTree = "<group>";
		};
		A997B29121BEF1AC0029B43B /* radar-prmt-iosUITests */ = {
			isa = PBXGroup;
			children = (
				A997B29221BEF1AC0029B43B /* radar_prmt_iosUITests.swift */,
				A997B29421BEF1AC0029B43B /* Info.plist */,
			);
			path = "radar-prmt-iosUITests";
			sourceTree = "<group>";
		};
		A997B2A821BF9FB60029B43B /* Frameworks */ = {
			isa = PBXGroup;
			children = (
				A9BB00E721F62BBB0012077F /* BlueSteel.framework */,
				A9CC806D21DE5F6B0067FA77 /* CoreLocation.framework */,
				A997B2AB21BF9FBD0029B43B /* Foundation.framework */,
				A997B2A921BF9FB60029B43B /* CoreData.framework */,
			);
			name = Frameworks;
			sourceTree = "<group>";
		};
		A997B2B021BFA57D0029B43B /* kafka */ = {
			isa = PBXGroup;
			children = (
				A9CC807421DE63B40067FA77 /* AvroTopic.swift */,
				A9D9280C21F8A917007BB030 /* KafkaSender.swift */,
				A9D9281021F8AA62007BB030 /* SchemaRegistryClient.swift */,
				A9D9281C21F8C4E0007BB030 /* KafkaController.swift */,
				A920C3412202F3F8000F6337 /* NetworkReachability.swift */,
				A920C3452203429F000F6337 /* KafkaSendContext.swift */,
			);
			path = kafka;
			sourceTree = "<group>";
		};
		A9CC806F21DE609D0067FA77 /* plugins */ = {
			isa = PBXGroup;
			children = (
				A9D9280B21F87EED007BB030 /* spammer */,
				A9CC807021DE60B00067FA77 /* location */,
			);
			path = plugins;
			sourceTree = "<group>";
		};
		A9CC807021DE60B00067FA77 /* location */ = {
			isa = PBXGroup;
			children = (
				A9CC807121DE60C90067FA77 /* LocationManager.swift */,
			);
			path = location;
			sourceTree = "<group>";
		};
		A9D9280B21F87EED007BB030 /* spammer */ = {
			isa = PBXGroup;
			children = (
				A9D9280921F87EE7007BB030 /* SpamManager.swift */,
			);
			path = spammer;
			sourceTree = "<group>";
		};
		A9D9282021F9D4F9007BB030 /* util */ = {
			isa = PBXGroup;
			children = (
				A9D9282121F9D539007BB030 /* CachedCollections.swift */,
			);
			path = util;
			sourceTree = "<group>";
		};
		A9F970B221C03C1D0003FF5F /* source */ = {
			isa = PBXGroup;
			children = (
				A9F970B321C03C340003FF5F /* SourceManager.swift */,
				A9D9281821F8C1B2007BB030 /* SourceController.swift */,
			);
			path = source;
			sourceTree = "<group>";
		};
/* End PBXGroup section */

/* Begin PBXNativeTarget section */
		A997B26B21BEF1AB0029B43B /* radar-prmt-ios */ = {
			isa = PBXNativeTarget;
			buildConfigurationList = A997B29721BEF1AC0029B43B /* Build configuration list for PBXNativeTarget "radar-prmt-ios" */;
			buildPhases = (
				A997B26821BEF1AB0029B43B /* Sources */,
				A997B26921BEF1AB0029B43B /* Frameworks */,
				A997B26A21BEF1AB0029B43B /* Resources */,
				A9F9716221C0F5DB0003FF5F /* Embed Frameworks */,
			);
			buildRules = (
			);
			dependencies = (
			);
			name = "radar-prmt-ios";
			productName = "radar-prmt-ios";
			productReference = A997B26C21BEF1AB0029B43B /* radar-prmt-ios.app */;
			productType = "com.apple.product-type.application";
		};
		A997B28221BEF1AC0029B43B /* radar-prmt-iosTests */ = {
			isa = PBXNativeTarget;
			buildConfigurationList = A997B29A21BEF1AC0029B43B /* Build configuration list for PBXNativeTarget "radar-prmt-iosTests" */;
			buildPhases = (
				A997B27F21BEF1AC0029B43B /* Sources */,
				A997B28021BEF1AC0029B43B /* Frameworks */,
				A997B28121BEF1AC0029B43B /* Resources */,
			);
			buildRules = (
			);
			dependencies = (
				A997B28521BEF1AC0029B43B /* PBXTargetDependency */,
			);
			name = "radar-prmt-iosTests";
			productName = "radar-prmt-iosTests";
			productReference = A997B28321BEF1AC0029B43B /* radar-prmt-iosTests.xctest */;
			productType = "com.apple.product-type.bundle.unit-test";
		};
		A997B28D21BEF1AC0029B43B /* radar-prmt-iosUITests */ = {
			isa = PBXNativeTarget;
			buildConfigurationList = A997B29D21BEF1AC0029B43B /* Build configuration list for PBXNativeTarget "radar-prmt-iosUITests" */;
			buildPhases = (
				A997B28A21BEF1AC0029B43B /* Sources */,
				A997B28B21BEF1AC0029B43B /* Frameworks */,
				A997B28C21BEF1AC0029B43B /* Resources */,
			);
			buildRules = (
			);
			dependencies = (
				A997B29021BEF1AC0029B43B /* PBXTargetDependency */,
			);
			name = "radar-prmt-iosUITests";
			productName = "radar-prmt-iosUITests";
			productReference = A997B28E21BEF1AC0029B43B /* radar-prmt-iosUITests.xctest */;
			productType = "com.apple.product-type.bundle.ui-testing";
		};
/* End PBXNativeTarget section */

/* Begin PBXProject section */
		A997B26421BEF1AB0029B43B /* Project object */ = {
			isa = PBXProject;
			attributes = {
				LastSwiftUpdateCheck = 1010;
				LastUpgradeCheck = 1010;
				ORGANIZATIONNAME = "Joris Borgdorff";
				TargetAttributes = {
					A997B26B21BEF1AB0029B43B = {
						CreatedOnToolsVersion = 10.1;
						LastSwiftMigration = 1020;
						SystemCapabilities = {
							com.apple.BackgroundModes = {
								enabled = 1;
							};
						};
					};
					A997B28221BEF1AC0029B43B = {
						CreatedOnToolsVersion = 10.1;
						LastSwiftMigration = 1020;
						TestTargetID = A997B26B21BEF1AB0029B43B;
					};
					A997B28D21BEF1AC0029B43B = {
						CreatedOnToolsVersion = 10.1;
						LastSwiftMigration = 1020;
						TestTargetID = A997B26B21BEF1AB0029B43B;
					};
				};
			};
			buildConfigurationList = A997B26721BEF1AB0029B43B /* Build configuration list for PBXProject "radar-prmt-ios" */;
			compatibilityVersion = "Xcode 9.3";
			developmentRegion = en;
			hasScannedForEncodings = 0;
			knownRegions = (
				en,
				Base,
			);
			mainGroup = A997B26321BEF1AB0029B43B;
			productRefGroup = A997B26D21BEF1AB0029B43B /* Products */;
			projectDirPath = "";
			projectRoot = "";
			targets = (
				A997B26B21BEF1AB0029B43B /* radar-prmt-ios */,
				A997B28221BEF1AC0029B43B /* radar-prmt-iosTests */,
				A997B28D21BEF1AC0029B43B /* radar-prmt-iosUITests */,
			);
		};
/* End PBXProject section */

/* Begin PBXResourcesBuildPhase section */
		A997B26A21BEF1AB0029B43B /* Resources */ = {
			isa = PBXResourcesBuildPhase;
			buildActionMask = 2147483647;
			files = (
				A997B27D21BEF1AC0029B43B /* LaunchScreen.storyboard in Resources */,
				A997B27A21BEF1AC0029B43B /* Assets.xcassets in Resources */,
				A9F9715E21C0403A0003FF5F /* radar-schemas.bundle in Resources */,
				A997B27521BEF1AB0029B43B /* Main.storyboard in Resources */,
			);
			runOnlyForDeploymentPostprocessing = 0;
		};
		A997B28121BEF1AC0029B43B /* Resources */ = {
			isa = PBXResourcesBuildPhase;
			buildActionMask = 2147483647;
			files = (
				A9F9719421C0FDA60003FF5F /* radar-schemas.bundle in Resources */,
			);
			runOnlyForDeploymentPostprocessing = 0;
		};
		A997B28C21BEF1AC0029B43B /* Resources */ = {
			isa = PBXResourcesBuildPhase;
			buildActionMask = 2147483647;
			files = (
				A9F9719521C0FDA70003FF5F /* radar-schemas.bundle in Resources */,
			);
			runOnlyForDeploymentPostprocessing = 0;
		};
/* End PBXResourcesBuildPhase section */

/* Begin PBXSourcesBuildPhase section */
		A997B26821BEF1AB0029B43B /* Sources */ = {
			isa = PBXSourcesBuildPhase;
			buildActionMask = 2147483647;
			files = (
				A9D9280A21F87EE7007BB030 /* SpamManager.swift in Sources */,
				A9D9280D21F8A917007BB030 /* KafkaSender.swift in Sources */,
				A9D9281921F8C1B2007BB030 /* SourceController.swift in Sources */,
				A997B27221BEF1AB0029B43B /* ViewController.swift in Sources */,
				A9D9281D21F8C4E0007BB030 /* KafkaController.swift in Sources */,
				A997B2A521BEFFF70029B43B /* TopicWriter.swift in Sources */,
				A920C3462203429F000F6337 /* KafkaSendContext.swift in Sources */,
				A9F970B421C03C340003FF5F /* SourceManager.swift in Sources */,
				A920C3422202F3F8000F6337 /* NetworkReachability.swift in Sources */,
				A9CC807221DE60C90067FA77 /* LocationManager.swift in Sources */,
				A997B27021BEF1AB0029B43B /* AppDelegate.swift in Sources */,
				A9B4A32C21E7575C00C650E8 /* TopicReader.swift in Sources */,
				A9CC807521DE63B40067FA77 /* AvroTopic.swift in Sources */,
				A9350E5E21CC1DEF004BECCA /* OAuth.swift in Sources */,
				A9D9281121F8AA62007BB030 /* SchemaRegistryClient.swift in Sources */,
				A9D9281521F8BFB9007BB030 /* DataController.swift in Sources */,
				A997B2B921BFA8500029B43B /* radar_prmt_ios.xcdatamodeld in Sources */,
				A9D9282221F9D539007BB030 /* CachedCollections.swift in Sources */,
			);
			runOnlyForDeploymentPostprocessing = 0;
		};
		A997B27F21BEF1AC0029B43B /* Sources */ = {
			isa = PBXSourcesBuildPhase;
			buildActionMask = 2147483647;
			files = (
				A997B28821BEF1AC0029B43B /* radar_prmt_iosTests.swift in Sources */,
				A9D9281621F8BFB9007BB030 /* DataController.swift in Sources */,
				A9D9281A21F8C1B2007BB030 /* SourceController.swift in Sources */,
				A9D9281221F8AA62007BB030 /* SchemaRegistryClient.swift in Sources */,
				A9BB00D121F5CBD30012077F /* AvroTopic.swift in Sources */,
				A997B2BB21BFA8510029B43B /* radar_prmt_ios.xcdatamodeld in Sources */,
				A920C3472203429F000F6337 /* KafkaSendContext.swift in Sources */,
				A9D9280E21F8A917007BB030 /* KafkaSender.swift in Sources */,
				A9F970B521C03C340003FF5F /* SourceManager.swift in Sources */,
				A9350E5F21CC1DEF004BECCA /* OAuth.swift in Sources */,
				A9D9282321F9D539007BB030 /* CachedCollections.swift in Sources */,
				A920C3432202F3F8000F6337 /* NetworkReachability.swift in Sources */,
				A997B2A621BEFFF70029B43B /* TopicWriter.swift in Sources */,
				A9D9281E21F8C4E0007BB030 /* KafkaController.swift in Sources */,
				A9B4A32E21E77D5000C650E8 /* TopicReader.swift in Sources */,
			);
			runOnlyForDeploymentPostprocessing = 0;
		};
		A997B28A21BEF1AC0029B43B /* Sources */ = {
			isa = PBXSourcesBuildPhase;
			buildActionMask = 2147483647;
			files = (
				A997B29321BEF1AC0029B43B /* radar_prmt_iosUITests.swift in Sources */,
				A9D9281721F8BFB9007BB030 /* DataController.swift in Sources */,
				A9D9281B21F8C1B2007BB030 /* SourceController.swift in Sources */,
				A9D9281321F8AA62007BB030 /* SchemaRegistryClient.swift in Sources */,
				A9BB00D221F5CBD30012077F /* AvroTopic.swift in Sources */,
				A997B2BA21BFA8500029B43B /* radar_prmt_ios.xcdatamodeld in Sources */,
				A920C3482203429F000F6337 /* KafkaSendContext.swift in Sources */,
				A9D9280F21F8A917007BB030 /* KafkaSender.swift in Sources */,
				A9F970B621C03C340003FF5F /* SourceManager.swift in Sources */,
				A9350E6021CC1DEF004BECCA /* OAuth.swift in Sources */,
				A9D9282421F9D539007BB030 /* CachedCollections.swift in Sources */,
				A920C3442202F3F8000F6337 /* NetworkReachability.swift in Sources */,
				A997B2A721BEFFF70029B43B /* TopicWriter.swift in Sources */,
				A9D9281F21F8C4E0007BB030 /* KafkaController.swift in Sources */,
				A9B4A32D21E77D5000C650E8 /* TopicReader.swift in Sources */,
			);
			runOnlyForDeploymentPostprocessing = 0;
		};
/* End PBXSourcesBuildPhase section */

/* Begin PBXTargetDependency section */
		A997B28521BEF1AC0029B43B /* PBXTargetDependency */ = {
			isa = PBXTargetDependency;
			target = A997B26B21BEF1AB0029B43B /* radar-prmt-ios */;
			targetProxy = A997B28421BEF1AC0029B43B /* PBXContainerItemProxy */;
		};
		A997B29021BEF1AC0029B43B /* PBXTargetDependency */ = {
			isa = PBXTargetDependency;
			target = A997B26B21BEF1AB0029B43B /* radar-prmt-ios */;
			targetProxy = A997B28F21BEF1AC0029B43B /* PBXContainerItemProxy */;
		};
/* End PBXTargetDependency section */

/* Begin PBXVariantGroup section */
		A997B27321BEF1AB0029B43B /* Main.storyboard */ = {
			isa = PBXVariantGroup;
			children = (
				A997B27421BEF1AB0029B43B /* Base */,
			);
			name = Main.storyboard;
			sourceTree = "<group>";
		};
		A997B27B21BEF1AC0029B43B /* LaunchScreen.storyboard */ = {
			isa = PBXVariantGroup;
			children = (
				A997B27C21BEF1AC0029B43B /* Base */,
			);
			name = LaunchScreen.storyboard;
			sourceTree = "<group>";
		};
/* End PBXVariantGroup section */

/* Begin XCBuildConfiguration section */
		A997B29521BEF1AC0029B43B /* Debug */ = {
			isa = XCBuildConfiguration;
			buildSettings = {
				ALWAYS_SEARCH_USER_PATHS = NO;
				CLANG_ANALYZER_NONNULL = YES;
				CLANG_ANALYZER_NUMBER_OBJECT_CONVERSION = YES_AGGRESSIVE;
				CLANG_CXX_LANGUAGE_STANDARD = "gnu++14";
				CLANG_CXX_LIBRARY = "libc++";
				CLANG_ENABLE_MODULES = YES;
				CLANG_ENABLE_OBJC_ARC = YES;
				CLANG_ENABLE_OBJC_WEAK = YES;
				CLANG_WARN_BLOCK_CAPTURE_AUTORELEASING = YES;
				CLANG_WARN_BOOL_CONVERSION = YES;
				CLANG_WARN_COMMA = YES;
				CLANG_WARN_CONSTANT_CONVERSION = YES;
				CLANG_WARN_DEPRECATED_OBJC_IMPLEMENTATIONS = YES;
				CLANG_WARN_DIRECT_OBJC_ISA_USAGE = YES_ERROR;
				CLANG_WARN_DOCUMENTATION_COMMENTS = YES;
				CLANG_WARN_EMPTY_BODY = YES;
				CLANG_WARN_ENUM_CONVERSION = YES;
				CLANG_WARN_INFINITE_RECURSION = YES;
				CLANG_WARN_INT_CONVERSION = YES;
				CLANG_WARN_NON_LITERAL_NULL_CONVERSION = YES;
				CLANG_WARN_OBJC_IMPLICIT_RETAIN_SELF = YES;
				CLANG_WARN_OBJC_LITERAL_CONVERSION = YES;
				CLANG_WARN_OBJC_ROOT_CLASS = YES_ERROR;
				CLANG_WARN_RANGE_LOOP_ANALYSIS = YES;
				CLANG_WARN_STRICT_PROTOTYPES = YES;
				CLANG_WARN_SUSPICIOUS_MOVE = YES;
				CLANG_WARN_UNGUARDED_AVAILABILITY = YES_AGGRESSIVE;
				CLANG_WARN_UNREACHABLE_CODE = YES;
				CLANG_WARN__DUPLICATE_METHOD_MATCH = YES;
				CODE_SIGN_IDENTITY = "iPhone Developer";
				COPY_PHASE_STRIP = NO;
				DEBUG_INFORMATION_FORMAT = dwarf;
				ENABLE_STRICT_OBJC_MSGSEND = YES;
				ENABLE_TESTABILITY = YES;
				GCC_C_LANGUAGE_STANDARD = gnu11;
				GCC_DYNAMIC_NO_PIC = NO;
				GCC_NO_COMMON_BLOCKS = YES;
				GCC_OPTIMIZATION_LEVEL = 0;
				GCC_PREPROCESSOR_DEFINITIONS = (
					"DEBUG=1",
					"$(inherited)",
				);
				GCC_WARN_64_TO_32_BIT_CONVERSION = YES;
				GCC_WARN_ABOUT_RETURN_TYPE = YES_ERROR;
				GCC_WARN_UNDECLARED_SELECTOR = YES;
				GCC_WARN_UNINITIALIZED_AUTOS = YES_AGGRESSIVE;
				GCC_WARN_UNUSED_FUNCTION = YES;
				GCC_WARN_UNUSED_VARIABLE = YES;
				IPHONEOS_DEPLOYMENT_TARGET = 12.1;
				MTL_ENABLE_DEBUG_INFO = INCLUDE_SOURCE;
				MTL_FAST_MATH = YES;
				ONLY_ACTIVE_ARCH = YES;
				SDKROOT = iphoneos;
				SWIFT_ACTIVE_COMPILATION_CONDITIONS = DEBUG;
				SWIFT_OPTIMIZATION_LEVEL = "-Onone";
			};
			name = Debug;
		};
		A997B29621BEF1AC0029B43B /* Release */ = {
			isa = XCBuildConfiguration;
			buildSettings = {
				ALWAYS_SEARCH_USER_PATHS = NO;
				CLANG_ANALYZER_NONNULL = YES;
				CLANG_ANALYZER_NUMBER_OBJECT_CONVERSION = YES_AGGRESSIVE;
				CLANG_CXX_LANGUAGE_STANDARD = "gnu++14";
				CLANG_CXX_LIBRARY = "libc++";
				CLANG_ENABLE_MODULES = YES;
				CLANG_ENABLE_OBJC_ARC = YES;
				CLANG_ENABLE_OBJC_WEAK = YES;
				CLANG_WARN_BLOCK_CAPTURE_AUTORELEASING = YES;
				CLANG_WARN_BOOL_CONVERSION = YES;
				CLANG_WARN_COMMA = YES;
				CLANG_WARN_CONSTANT_CONVERSION = YES;
				CLANG_WARN_DEPRECATED_OBJC_IMPLEMENTATIONS = YES;
				CLANG_WARN_DIRECT_OBJC_ISA_USAGE = YES_ERROR;
				CLANG_WARN_DOCUMENTATION_COMMENTS = YES;
				CLANG_WARN_EMPTY_BODY = YES;
				CLANG_WARN_ENUM_CONVERSION = YES;
				CLANG_WARN_INFINITE_RECURSION = YES;
				CLANG_WARN_INT_CONVERSION = YES;
				CLANG_WARN_NON_LITERAL_NULL_CONVERSION = YES;
				CLANG_WARN_OBJC_IMPLICIT_RETAIN_SELF = YES;
				CLANG_WARN_OBJC_LITERAL_CONVERSION = YES;
				CLANG_WARN_OBJC_ROOT_CLASS = YES_ERROR;
				CLANG_WARN_RANGE_LOOP_ANALYSIS = YES;
				CLANG_WARN_STRICT_PROTOTYPES = YES;
				CLANG_WARN_SUSPICIOUS_MOVE = YES;
				CLANG_WARN_UNGUARDED_AVAILABILITY = YES_AGGRESSIVE;
				CLANG_WARN_UNREACHABLE_CODE = YES;
				CLANG_WARN__DUPLICATE_METHOD_MATCH = YES;
				CODE_SIGN_IDENTITY = "iPhone Developer";
				COPY_PHASE_STRIP = NO;
				DEBUG_INFORMATION_FORMAT = "dwarf-with-dsym";
				ENABLE_NS_ASSERTIONS = NO;
				ENABLE_STRICT_OBJC_MSGSEND = YES;
				GCC_C_LANGUAGE_STANDARD = gnu11;
				GCC_NO_COMMON_BLOCKS = YES;
				GCC_WARN_64_TO_32_BIT_CONVERSION = YES;
				GCC_WARN_ABOUT_RETURN_TYPE = YES_ERROR;
				GCC_WARN_UNDECLARED_SELECTOR = YES;
				GCC_WARN_UNINITIALIZED_AUTOS = YES_AGGRESSIVE;
				GCC_WARN_UNUSED_FUNCTION = YES;
				GCC_WARN_UNUSED_VARIABLE = YES;
				IPHONEOS_DEPLOYMENT_TARGET = 12.1;
				MTL_ENABLE_DEBUG_INFO = NO;
				MTL_FAST_MATH = YES;
				SDKROOT = iphoneos;
				SWIFT_COMPILATION_MODE = wholemodule;
				SWIFT_OPTIMIZATION_LEVEL = "-O";
				VALIDATE_PRODUCT = YES;
			};
			name = Release;
		};
		A997B29821BEF1AC0029B43B /* Debug */ = {
			isa = XCBuildConfiguration;
			buildSettings = {
				ASSETCATALOG_COMPILER_APPICON_NAME = AppIcon;
				CODE_SIGN_STYLE = Automatic;
				FRAMEWORK_SEARCH_PATHS = (
					"$(inherited)",
					"$(PROJECT_DIR)/Carthage/Build/iOS",
					"$(PROJECT_DIR)",
				);
				INFOPLIST_FILE = "radar-prmt-ios/Info.plist";
				IPHONEOS_DEPLOYMENT_TARGET = 11.0;
				LD_RUNPATH_SEARCH_PATHS = (
					"$(inherited)",
					"@executable_path/Frameworks",
				);
				PRODUCT_BUNDLE_IDENTIFIER = "org.radarbase.radar-prmt-ios";
				PRODUCT_NAME = "$(TARGET_NAME)";
				SWIFT_VERSION = 5.0;
				TARGETED_DEVICE_FAMILY = "1,2";
			};
			name = Debug;
		};
		A997B29921BEF1AC0029B43B /* Release */ = {
			isa = XCBuildConfiguration;
			buildSettings = {
				ASSETCATALOG_COMPILER_APPICON_NAME = AppIcon;
				CODE_SIGN_STYLE = Automatic;
				FRAMEWORK_SEARCH_PATHS = (
					"$(inherited)",
					"$(PROJECT_DIR)/Carthage/Build/iOS",
					"$(PROJECT_DIR)",
				);
				INFOPLIST_FILE = "radar-prmt-ios/Info.plist";
				IPHONEOS_DEPLOYMENT_TARGET = 11.0;
				LD_RUNPATH_SEARCH_PATHS = (
					"$(inherited)",
					"@executable_path/Frameworks",
				);
				PRODUCT_BUNDLE_IDENTIFIER = "org.radarbase.radar-prmt-ios";
				PRODUCT_NAME = "$(TARGET_NAME)";
				SWIFT_VERSION = 5.0;
				TARGETED_DEVICE_FAMILY = "1,2";
			};
			name = Release;
		};
		A997B29B21BEF1AC0029B43B /* Debug */ = {
			isa = XCBuildConfiguration;
			buildSettings = {
				ALWAYS_EMBED_SWIFT_STANDARD_LIBRARIES = YES;
				BUNDLE_LOADER = "$(TEST_HOST)";
				CODE_SIGN_STYLE = Automatic;
				FRAMEWORK_SEARCH_PATHS = (
					"$(inherited)",
					"$(PROJECT_DIR)/Carthage/Build/iOS",
					"$(PROJECT_DIR)",
				);
				INFOPLIST_FILE = "radar-prmt-iosTests/Info.plist";
				LD_RUNPATH_SEARCH_PATHS = (
					"$(inherited)",
					"@executable_path/Frameworks",
					"@loader_path/Frameworks",
				);
				PRODUCT_BUNDLE_IDENTIFIER = "org.radarbase.radar-prmt-iosTests";
				PRODUCT_NAME = "$(TARGET_NAME)";
				SWIFT_VERSION = 5.0;
				TARGETED_DEVICE_FAMILY = "1,2";
				TEST_HOST = "$(BUILT_PRODUCTS_DIR)/radar-prmt-ios.app/radar-prmt-ios";
			};
			name = Debug;
		};
		A997B29C21BEF1AC0029B43B /* Release */ = {
			isa = XCBuildConfiguration;
			buildSettings = {
				ALWAYS_EMBED_SWIFT_STANDARD_LIBRARIES = YES;
				BUNDLE_LOADER = "$(TEST_HOST)";
				CODE_SIGN_STYLE = Automatic;
				FRAMEWORK_SEARCH_PATHS = (
					"$(inherited)",
					"$(PROJECT_DIR)/Carthage/Build/iOS",
					"$(PROJECT_DIR)",
				);
				INFOPLIST_FILE = "radar-prmt-iosTests/Info.plist";
				LD_RUNPATH_SEARCH_PATHS = (
					"$(inherited)",
					"@executable_path/Frameworks",
					"@loader_path/Frameworks",
				);
				PRODUCT_BUNDLE_IDENTIFIER = "org.radarbase.radar-prmt-iosTests";
				PRODUCT_NAME = "$(TARGET_NAME)";
				SWIFT_VERSION = 5.0;
				TARGETED_DEVICE_FAMILY = "1,2";
				TEST_HOST = "$(BUILT_PRODUCTS_DIR)/radar-prmt-ios.app/radar-prmt-ios";
			};
			name = Release;
		};
		A997B29E21BEF1AC0029B43B /* Debug */ = {
			isa = XCBuildConfiguration;
			buildSettings = {
				ALWAYS_EMBED_SWIFT_STANDARD_LIBRARIES = YES;
				CODE_SIGN_STYLE = Automatic;
				FRAMEWORK_SEARCH_PATHS = (
					"$(inherited)",
					"$(PROJECT_DIR)/Carthage/Build/iOS",
					"$(PROJECT_DIR)",
				);
				INFOPLIST_FILE = "radar-prmt-iosUITests/Info.plist";
				LD_RUNPATH_SEARCH_PATHS = (
					"$(inherited)",
					"@executable_path/Frameworks",
					"@loader_path/Frameworks",
				);
				PRODUCT_BUNDLE_IDENTIFIER = "org.radarbase.radar-prmt-iosUITests";
				PRODUCT_NAME = "$(TARGET_NAME)";
				SWIFT_VERSION = 5.0;
				TARGETED_DEVICE_FAMILY = "1,2";
				TEST_TARGET_NAME = "radar-prmt-ios";
			};
			name = Debug;
		};
		A997B29F21BEF1AC0029B43B /* Release */ = {
			isa = XCBuildConfiguration;
			buildSettings = {
				ALWAYS_EMBED_SWIFT_STANDARD_LIBRARIES = YES;
				CODE_SIGN_STYLE = Automatic;
				FRAMEWORK_SEARCH_PATHS = (
					"$(inherited)",
					"$(PROJECT_DIR)/Carthage/Build/iOS",
					"$(PROJECT_DIR)",
				);
				INFOPLIST_FILE = "radar-prmt-iosUITests/Info.plist";
				LD_RUNPATH_SEARCH_PATHS = (
					"$(inherited)",
					"@executable_path/Frameworks",
					"@loader_path/Frameworks",
				);
				PRODUCT_BUNDLE_IDENTIFIER = "org.radarbase.radar-prmt-iosUITests";
				PRODUCT_NAME = "$(TARGET_NAME)";
				SWIFT_VERSION = 5.0;
				TARGETED_DEVICE_FAMILY = "1,2";
				TEST_TARGET_NAME = "radar-prmt-ios";
			};
			name = Release;
		};
/* End XCBuildConfiguration section */

/* Begin XCConfigurationList section */
		A997B26721BEF1AB0029B43B /* Build configuration list for PBXProject "radar-prmt-ios" */ = {
			isa = XCConfigurationList;
			buildConfigurations = (
				A997B29521BEF1AC0029B43B /* Debug */,
				A997B29621BEF1AC0029B43B /* Release */,
			);
			defaultConfigurationIsVisible = 0;
			defaultConfigurationName = Release;
		};
		A997B29721BEF1AC0029B43B /* Build configuration list for PBXNativeTarget "radar-prmt-ios" */ = {
			isa = XCConfigurationList;
			buildConfigurations = (
				A997B29821BEF1AC0029B43B /* Debug */,
				A997B29921BEF1AC0029B43B /* Release */,
			);
			defaultConfigurationIsVisible = 0;
			defaultConfigurationName = Release;
		};
		A997B29A21BEF1AC0029B43B /* Build configuration list for PBXNativeTarget "radar-prmt-iosTests" */ = {
			isa = XCConfigurationList;
			buildConfigurations = (
				A997B29B21BEF1AC0029B43B /* Debug */,
				A997B29C21BEF1AC0029B43B /* Release */,
			);
			defaultConfigurationIsVisible = 0;
			defaultConfigurationName = Release;
		};
		A997B29D21BEF1AC0029B43B /* Build configuration list for PBXNativeTarget "radar-prmt-iosUITests" */ = {
			isa = XCConfigurationList;
			buildConfigurations = (
				A997B29E21BEF1AC0029B43B /* Debug */,
				A997B29F21BEF1AC0029B43B /* Release */,
			);
			defaultConfigurationIsVisible = 0;
			defaultConfigurationName = Release;
		};
/* End XCConfigurationList section */

/* Begin XCVersionGroup section */
		A997B27621BEF1AB0029B43B /* radar_prmt_ios.xcdatamodeld */ = {
			isa = XCVersionGroup;
			children = (
				A997B27721BEF1AB0029B43B /* radar_prmt_ios.xcdatamodel */,
			);
			currentVersion = A997B27721BEF1AB0029B43B /* radar_prmt_ios.xcdatamodel */;
			path = radar_prmt_ios.xcdatamodeld;
			sourceTree = "<group>";
			versionGroupType = wrapper.xcdatamodel;
		};
/* End XCVersionGroup section */
	};
	rootObject = A997B26421BEF1AB0029B43B /* Project object */;
}
