// !$*UTF8*$!
{
	archiveVersion = 1;
	classes = {
	};
	objectVersion = 53;
	objects = {

/* Begin PBXBuildFile section */
		A90EDF9B2276E6B200DC8517 /* DeflateRequestMedium.swift in Sources */ = {isa = PBXBuildFile; fileRef = A90EDF9A2276E6B200DC8517 /* DeflateRequestMedium.swift */; };
		A90EDF9D2276EBC300DC8517 /* DeflateMediumTest.swift in Sources */ = {isa = PBXBuildFile; fileRef = A90EDF9C2276EBC300DC8517 /* DeflateMediumTest.swift */; };
		A920C3422202F3F8000F6337 /* NetworkReachability.swift in Sources */ = {isa = PBXBuildFile; fileRef = A920C3412202F3F8000F6337 /* NetworkReachability.swift */; };
		A920C3462203429F000F6337 /* KafkaSendContext.swift in Sources */ = {isa = PBXBuildFile; fileRef = A920C3452203429F000F6337 /* KafkaSendContext.swift */; };
		A9245B32228581ED0089B069 /* QR_code_for_mobile_English_Wikipedia.svg.png in Resources */ = {isa = PBXBuildFile; fileRef = A9245B31228581ED0089B069 /* QR_code_for_mobile_English_Wikipedia.svg.png */; };
		A9245B34228582CC0089B069 /* LoginViewController.swift in Sources */ = {isa = PBXBuildFile; fileRef = A9245B33228582CC0089B069 /* LoginViewController.swift */; };
		A9245B362285855C0089B069 /* QRCodeViewController.swift in Sources */ = {isa = PBXBuildFile; fileRef = A9245B352285855C0089B069 /* QRCodeViewController.swift */; };
		A9296AB42268568D003B6134 /* RequestMedium.swift in Sources */ = {isa = PBXBuildFile; fileRef = A9296AB32268568D003B6134 /* RequestMedium.swift */; };
		A9296AB622685704003B6134 /* UploadContext.swift in Sources */ = {isa = PBXBuildFile; fileRef = A9296AB522685704003B6134 /* UploadContext.swift */; };
		A92AB45125B5E4CC00016348 /* BlueSteel in Frameworks */ = {isa = PBXBuildFile; productRef = A92AB45025B5E4CC00016348 /* BlueSteel */; };
		A92AB45525B5E51400016348 /* Swifter in Frameworks */ = {isa = PBXBuildFile; productRef = A92AB45425B5E51400016348 /* Swifter */; };
		A92AB45925B5E54E00016348 /* RxCocoa in Frameworks */ = {isa = PBXBuildFile; productRef = A92AB45825B5E54E00016348 /* RxCocoa */; };
		A92AB45B25B5E54E00016348 /* RxSwift in Frameworks */ = {isa = PBXBuildFile; productRef = A92AB45A25B5E54E00016348 /* RxSwift */; };
		A92AB46225B5E59600016348 /* RxSwiftExt in Frameworks */ = {isa = PBXBuildFile; productRef = A92AB46125B5E59600016348 /* RxSwiftExt */; };
		A92AB46625B5E5AB00016348 /* Gzip in Frameworks */ = {isa = PBXBuildFile; productRef = A92AB46525B5E5AB00016348 /* Gzip */; };
		A92AB46A25B5E5C200016348 /* Valet in Frameworks */ = {isa = PBXBuildFile; productRef = A92AB46925B5E5C200016348 /* Valet */; };
		A92AB46E25B5E5ED00016348 /* JWTDecode in Frameworks */ = {isa = PBXBuildFile; productRef = A92AB46D25B5E5ED00016348 /* JWTDecode */; };
		A92AB47225B5E60D00016348 /* RxAppState in Frameworks */ = {isa = PBXBuildFile; productRef = A92AB47125B5E60D00016348 /* RxAppState */; };
		A92AB47625B5E68500016348 /* FirebaseRemoteConfig in Frameworks */ = {isa = PBXBuildFile; productRef = A92AB47525B5E68500016348 /* FirebaseRemoteConfig */; };
		A92AB47C25B5E8D400016348 /* XCTest.framework in Frameworks */ = {isa = PBXBuildFile; fileRef = A95A811224FD202B006E9D3D /* XCTest.framework */; };
		A92AB47E25B5E8DB00016348 /* RxTest in Frameworks */ = {isa = PBXBuildFile; productRef = A92AB47D25B5E8DB00016348 /* RxTest */; };
		A9350E5E21CC1DEF004BECCA /* OAuth.swift in Sources */ = {isa = PBXBuildFile; fileRef = A9350E5D21CC1DEF004BECCA /* OAuth.swift */; };
		A93A58EA22BA8715000A542E /* SourceStatus.swift in Sources */ = {isa = PBXBuildFile; fileRef = A93A58E922BA8715000A542E /* SourceStatus.swift */; };
		A94E062522A521CE009E0692 /* config.plist in Resources */ = {isa = PBXBuildFile; fileRef = A94E062422A521CE009E0692 /* config.plist */; };
		A94E064C22A530C6009E0692 /* GoogleService-Info.plist in Resources */ = {isa = PBXBuildFile; fileRef = A94E064B22A530C6009E0692 /* GoogleService-Info.plist */; };
		A94E064F22A55CE3009E0692 /* Valet+Codable.swift in Sources */ = {isa = PBXBuildFile; fileRef = A94E064E22A55CE3009E0692 /* Valet+Codable.swift */; };
		A974A8632296ECD000795ED8 /* RadarConfiguration.swift in Sources */ = {isa = PBXBuildFile; fileRef = A974A8622296ECD000795ED8 /* RadarConfiguration.swift */; };
		A974A8652296EDD400795ED8 /* FirebaseRadarConfiguration.swift in Sources */ = {isa = PBXBuildFile; fileRef = A974A8642296EDD400795ED8 /* FirebaseRadarConfiguration.swift */; };
		A97DE02E228975250069DFE3 /* QRPreviewView.swift in Sources */ = {isa = PBXBuildFile; fileRef = A97DE02D228975250069DFE3 /* QRPreviewView.swift */; };
		A97DE03022899D050069DFE3 /* MPTokenViewController.swift in Sources */ = {isa = PBXBuildFile; fileRef = A97DE02F22899D050069DFE3 /* MPTokenViewController.swift */; };
		A97DE0322289BA3D0069DFE3 /* MainViewController.swift in Sources */ = {isa = PBXBuildFile; fileRef = A97DE0312289BA3D0069DFE3 /* MainViewController.swift */; };
		A98D39BA225F349B00385D2C /* AvroDataExtractor.swift in Sources */ = {isa = PBXBuildFile; fileRef = A9B4A32B21E7575C00C650E8 /* AvroDataExtractor.swift */; };
		A98D39BD225F34E700385D2C /* radar_prmt_ios.xcdatamodeld in Sources */ = {isa = PBXBuildFile; fileRef = A98D39BB225F34E700385D2C /* radar_prmt_ios.xcdatamodeld */; };
		A997B27021BEF1AB0029B43B /* AppDelegate.swift in Sources */ = {isa = PBXBuildFile; fileRef = A997B26F21BEF1AB0029B43B /* AppDelegate.swift */; };
		A997B27221BEF1AB0029B43B /* LoadingViewController.swift in Sources */ = {isa = PBXBuildFile; fileRef = A997B27121BEF1AB0029B43B /* LoadingViewController.swift */; };
		A997B27521BEF1AB0029B43B /* Main.storyboard in Resources */ = {isa = PBXBuildFile; fileRef = A997B27321BEF1AB0029B43B /* Main.storyboard */; };
		A997B27A21BEF1AC0029B43B /* Assets.xcassets in Resources */ = {isa = PBXBuildFile; fileRef = A997B27921BEF1AC0029B43B /* Assets.xcassets */; };
		A997B27D21BEF1AC0029B43B /* LaunchScreen.storyboard in Resources */ = {isa = PBXBuildFile; fileRef = A997B27B21BEF1AC0029B43B /* LaunchScreen.storyboard */; };
		A997B28821BEF1AC0029B43B /* radar_prmt_iosTests.swift in Sources */ = {isa = PBXBuildFile; fileRef = A997B28721BEF1AC0029B43B /* radar_prmt_iosTests.swift */; };
		A997B29321BEF1AC0029B43B /* radar_prmt_iosUITests.swift in Sources */ = {isa = PBXBuildFile; fileRef = A997B29221BEF1AC0029B43B /* radar_prmt_iosUITests.swift */; };
		A997B2A521BEFFF70029B43B /* AvroDataWriter.swift in Sources */ = {isa = PBXBuildFile; fileRef = A997B2A421BEFFF70029B43B /* AvroDataWriter.swift */; };
		A99AAE5C225F390D005B57DA /* KafkaTopic+CoreDataClass.swift in Sources */ = {isa = PBXBuildFile; fileRef = A99AAE50225F390D005B57DA /* KafkaTopic+CoreDataClass.swift */; };
		A99AAE5D225F390D005B57DA /* UploadPart+CoreDataClass.swift in Sources */ = {isa = PBXBuildFile; fileRef = A99AAE51225F390D005B57DA /* UploadPart+CoreDataClass.swift */; };
		A99AAE5E225F390D005B57DA /* KafkaTopic+CoreDataProperties.swift in Sources */ = {isa = PBXBuildFile; fileRef = A99AAE52225F390D005B57DA /* KafkaTopic+CoreDataProperties.swift */; };
		A99AAE5F225F390D005B57DA /* RecordSet+CoreDataProperties.swift in Sources */ = {isa = PBXBuildFile; fileRef = A99AAE53225F390D005B57DA /* RecordSet+CoreDataProperties.swift */; };
		A99AAE60225F390D005B57DA /* RecordSet+CoreDataClass.swift in Sources */ = {isa = PBXBuildFile; fileRef = A99AAE54225F390D005B57DA /* RecordSet+CoreDataClass.swift */; };
		A99AAE61225F390D005B57DA /* DataContainer+CoreDataClass.swift in Sources */ = {isa = PBXBuildFile; fileRef = A99AAE55225F390D005B57DA /* DataContainer+CoreDataClass.swift */; };
		A99AAE62225F390D005B57DA /* DataContainer+CoreDataProperties.swift in Sources */ = {isa = PBXBuildFile; fileRef = A99AAE56225F390D005B57DA /* DataContainer+CoreDataProperties.swift */; };
		A99AAE63225F390D005B57DA /* RecordSetGroup+CoreDataClass.swift in Sources */ = {isa = PBXBuildFile; fileRef = A99AAE57225F390D005B57DA /* RecordSetGroup+CoreDataClass.swift */; };
		A99AAE64225F390D005B57DA /* RecordSetUpload+CoreDataProperties.swift in Sources */ = {isa = PBXBuildFile; fileRef = A99AAE58225F390D005B57DA /* RecordSetUpload+CoreDataProperties.swift */; };
		A99AAE65225F390D005B57DA /* RecordSetGroup+CoreDataProperties.swift in Sources */ = {isa = PBXBuildFile; fileRef = A99AAE59225F390D005B57DA /* RecordSetGroup+CoreDataProperties.swift */; };
		A99AAE66225F390D005B57DA /* RecordSetUpload+CoreDataClass.swift in Sources */ = {isa = PBXBuildFile; fileRef = A99AAE5A225F390D005B57DA /* RecordSetUpload+CoreDataClass.swift */; };
		A99AAE67225F390D005B57DA /* UploadPart+CoreDataProperties.swift in Sources */ = {isa = PBXBuildFile; fileRef = A99AAE5B225F390D005B57DA /* UploadPart+CoreDataProperties.swift */; };
		A99AAEAF22646460005B57DA /* SchemaRegistryClientTest.swift in Sources */ = {isa = PBXBuildFile; fileRef = A99AAEAE22646460005B57DA /* SchemaRegistryClientTest.swift */; };
		A99AAEB12264648B005B57DA /* KafkaSenderTest.swift in Sources */ = {isa = PBXBuildFile; fileRef = A99AAEB02264648B005B57DA /* KafkaSenderTest.swift */; };
		A99AAEB922646BAB005B57DA /* MockDataController.swift in Sources */ = {isa = PBXBuildFile; fileRef = A99AAEB822646BAB005B57DA /* MockDataController.swift */; };
		A99AAEBB22646E81005B57DA /* MockSourceManager.swift in Sources */ = {isa = PBXBuildFile; fileRef = A99AAEBA22646E81005B57DA /* MockSourceManager.swift */; };
		A99AAEC42264CF9B005B57DA /* MockKafkaSendContext.swift in Sources */ = {isa = PBXBuildFile; fileRef = A99AAEC32264CF9B005B57DA /* MockKafkaSendContext.swift */; };
		A99C124B2271F6EC0042DF60 /* GzipRequestMedium.swift in Sources */ = {isa = PBXBuildFile; fileRef = A99C124A2271F6EC0042DF60 /* GzipRequestMedium.swift */; };
		A99C12512271F8B20042DF60 /* GzipMediumTest.swift in Sources */ = {isa = PBXBuildFile; fileRef = A99C12502271F8B20042DF60 /* GzipMediumTest.swift */; };
		A9B4363D22B131A300BC3C2C /* PrivacyPolicyViewController.swift in Sources */ = {isa = PBXBuildFile; fileRef = A9B4363C22B131A300BC3C2C /* PrivacyPolicyViewController.swift */; };
		A9B4364122B13D7200BC3C2C /* AuthController.swift in Sources */ = {isa = PBXBuildFile; fileRef = A9B4364022B13D7200BC3C2C /* AuthController.swift */; };
		A9B4364822B27E6300BC3C2C /* LocationProvider.swift in Sources */ = {isa = PBXBuildFile; fileRef = A9B4364722B27E6300BC3C2C /* LocationProvider.swift */; };
		A9B4364A22B2833100BC3C2C /* SpamProvider.swift in Sources */ = {isa = PBXBuildFile; fileRef = A9B4364922B2833100BC3C2C /* SpamProvider.swift */; };
		A9CC807221DE60C90067FA77 /* LocationProtocol.swift in Sources */ = {isa = PBXBuildFile; fileRef = A9CC807121DE60C90067FA77 /* LocationProtocol.swift */; };
		A9CC807521DE63B40067FA77 /* AvroTopic.swift in Sources */ = {isa = PBXBuildFile; fileRef = A9CC807421DE63B40067FA77 /* AvroTopic.swift */; };
		A9D9280A21F87EE7007BB030 /* SpamProtocol.swift in Sources */ = {isa = PBXBuildFile; fileRef = A9D9280921F87EE7007BB030 /* SpamProtocol.swift */; };
		A9D9280D21F8A917007BB030 /* KafkaSender.swift in Sources */ = {isa = PBXBuildFile; fileRef = A9D9280C21F8A917007BB030 /* KafkaSender.swift */; };
		A9D9281121F8AA62007BB030 /* SchemaRegistryClient.swift in Sources */ = {isa = PBXBuildFile; fileRef = A9D9281021F8AA62007BB030 /* SchemaRegistryClient.swift */; };
		A9D9281521F8BFB9007BB030 /* DataController.swift in Sources */ = {isa = PBXBuildFile; fileRef = A9D9281421F8BFB9007BB030 /* DataController.swift */; };
		A9D9281921F8C1B2007BB030 /* SourceController.swift in Sources */ = {isa = PBXBuildFile; fileRef = A9D9281821F8C1B2007BB030 /* SourceController.swift */; };
		A9D9281D21F8C4E0007BB030 /* KafkaController.swift in Sources */ = {isa = PBXBuildFile; fileRef = A9D9281C21F8C4E0007BB030 /* KafkaController.swift */; };
		A9D9282221F9D539007BB030 /* CachedCollections.swift in Sources */ = {isa = PBXBuildFile; fileRef = A9D9282121F9D539007BB030 /* CachedCollections.swift */; };
		A9DFFFB3231FA17500AB3208 /* SourceProtocol.swift in Sources */ = {isa = PBXBuildFile; fileRef = A9DFFFB2231FA17500AB3208 /* SourceProtocol.swift */; };
		A9DFFFB5231FA19700AB3208 /* SourceProvider.swift in Sources */ = {isa = PBXBuildFile; fileRef = A9DFFFB4231FA19700AB3208 /* SourceProvider.swift */; };
		A9DFFFB7231FA1CC00AB3208 /* PluginDefinition.swift in Sources */ = {isa = PBXBuildFile; fileRef = A9DFFFB6231FA1CC00AB3208 /* PluginDefinition.swift */; };
		A9DFFFB9231FA24A00AB3208 /* DelegatedSourceProvider.swift in Sources */ = {isa = PBXBuildFile; fileRef = A9DFFFB8231FA24A00AB3208 /* DelegatedSourceProvider.swift */; };
		A9DFFFBB231FA29800AB3208 /* AvroTopicCacheContext.swift in Sources */ = {isa = PBXBuildFile; fileRef = A9DFFFBA231FA29800AB3208 /* AvroTopicCacheContext.swift */; };
		A9DFFFBD231FC22700AB3208 /* MPAuthorizer.swift in Sources */ = {isa = PBXBuildFile; fileRef = A9DFFFBC231FC22700AB3208 /* MPAuthorizer.swift */; };
		A9DFFFBF231FC32E00AB3208 /* MPMetaToken.swift in Sources */ = {isa = PBXBuildFile; fileRef = A9DFFFBE231FC32E00AB3208 /* MPMetaToken.swift */; };
		A9DFFFC1231FC58E00AB3208 /* URLRequest+RESTJSON.swift in Sources */ = {isa = PBXBuildFile; fileRef = A9DFFFC0231FC58E00AB3208 /* URLRequest+RESTJSON.swift */; };
		A9DFFFC3231FC5CA00AB3208 /* MPAuthError.swift in Sources */ = {isa = PBXBuildFile; fileRef = A9DFFFC2231FC5CA00AB3208 /* MPAuthError.swift */; };
		A9DFFFC6231FC61F00AB3208 /* Source.swift in Sources */ = {isa = PBXBuildFile; fileRef = A9DFFFC5231FC61F00AB3208 /* Source.swift */; };
		A9DFFFC8231FC65300AB3208 /* SourceType.swift in Sources */ = {isa = PBXBuildFile; fileRef = A9DFFFC7231FC65300AB3208 /* SourceType.swift */; };
		A9DFFFCA231FC66D00AB3208 /* UserMetadata.swift in Sources */ = {isa = PBXBuildFile; fileRef = A9DFFFC9231FC66D00AB3208 /* UserMetadata.swift */; };
		A9DFFFCC231FC6C400AB3208 /* RetryDelay.swift in Sources */ = {isa = PBXBuildFile; fileRef = A9DFFFCB231FC6C400AB3208 /* RetryDelay.swift */; };
		A9F970B421C03C340003FF5F /* SourceManager.swift in Sources */ = {isa = PBXBuildFile; fileRef = A9F970B321C03C340003FF5F /* SourceManager.swift */; };
		A9F9715E21C0403A0003FF5F /* radar-schemas.bundle in Resources */ = {isa = PBXBuildFile; fileRef = A9F9715D21C040370003FF5F /* radar-schemas.bundle */; };
		F3953F1225B8AE960010DBCB /* QRData.swift in Sources */ = {isa = PBXBuildFile; fileRef = F3953F1125B8AE950010DBCB /* QRData.swift */; };
/* End PBXBuildFile section */

/* Begin PBXContainerItemProxy section */
		A997B28421BEF1AC0029B43B /* PBXContainerItemProxy */ = {
			isa = PBXContainerItemProxy;
			containerPortal = A997B26421BEF1AB0029B43B /* Project object */;
			proxyType = 1;
			remoteGlobalIDString = A997B26B21BEF1AB0029B43B;
			remoteInfo = "radar-prmt-ios";
		};
		A997B28F21BEF1AC0029B43B /* PBXContainerItemProxy */ = {
			isa = PBXContainerItemProxy;
			containerPortal = A997B26421BEF1AB0029B43B /* Project object */;
			proxyType = 1;
			remoteGlobalIDString = A997B26B21BEF1AB0029B43B;
			remoteInfo = "radar-prmt-ios";
		};
/* End PBXContainerItemProxy section */

/* Begin PBXCopyFilesBuildPhase section */
		A99AAEB6226467B2005B57DA /* CopyFiles */ = {
			isa = PBXCopyFilesBuildPhase;
			buildActionMask = 2147483647;
			dstPath = "";
			dstSubfolderSpec = 10;
			files = (
			);
			runOnlyForDeploymentPostprocessing = 0;
		};
		A9F9716221C0F5DB0003FF5F /* Embed Frameworks */ = {
			isa = PBXCopyFilesBuildPhase;
			buildActionMask = 2147483647;
			dstPath = "";
			dstSubfolderSpec = 10;
			files = (
			);
			name = "Embed Frameworks";
			runOnlyForDeploymentPostprocessing = 0;
		};
/* End PBXCopyFilesBuildPhase section */

/* Begin PBXFileReference section */
		A90EDF9A2276E6B200DC8517 /* DeflateRequestMedium.swift */ = {isa = PBXFileReference; fileEncoding = 4; lastKnownFileType = sourcecode.swift; path = DeflateRequestMedium.swift; sourceTree = "<group>"; };
		A90EDF9C2276EBC300DC8517 /* DeflateMediumTest.swift */ = {isa = PBXFileReference; fileEncoding = 4; lastKnownFileType = sourcecode.swift; path = DeflateMediumTest.swift; sourceTree = "<group>"; };
		A920C3412202F3F8000F6337 /* NetworkReachability.swift */ = {isa = PBXFileReference; lastKnownFileType = sourcecode.swift; path = NetworkReachability.swift; sourceTree = "<group>"; };
		A920C3452203429F000F6337 /* KafkaSendContext.swift */ = {isa = PBXFileReference; lastKnownFileType = sourcecode.swift; path = KafkaSendContext.swift; sourceTree = "<group>"; };
		A9245B31228581ED0089B069 /* QR_code_for_mobile_English_Wikipedia.svg.png */ = {isa = PBXFileReference; lastKnownFileType = image.png; path = QR_code_for_mobile_English_Wikipedia.svg.png; sourceTree = "<group>"; };
		A9245B33228582CC0089B069 /* LoginViewController.swift */ = {isa = PBXFileReference; lastKnownFileType = sourcecode.swift; path = LoginViewController.swift; sourceTree = "<group>"; };
		A9245B352285855C0089B069 /* QRCodeViewController.swift */ = {isa = PBXFileReference; lastKnownFileType = sourcecode.swift; path = QRCodeViewController.swift; sourceTree = "<group>"; };
		A9296AB32268568D003B6134 /* RequestMedium.swift */ = {isa = PBXFileReference; lastKnownFileType = sourcecode.swift; path = RequestMedium.swift; sourceTree = "<group>"; };
		A9296AB522685704003B6134 /* UploadContext.swift */ = {isa = PBXFileReference; lastKnownFileType = sourcecode.swift; path = UploadContext.swift; sourceTree = "<group>"; };
		A9350E5D21CC1DEF004BECCA /* OAuth.swift */ = {isa = PBXFileReference; lastKnownFileType = sourcecode.swift; path = OAuth.swift; sourceTree = "<group>"; };
		A937D1FA24FD307000C59AA3 /* libc++.tbd */ = {isa = PBXFileReference; lastKnownFileType = "sourcecode.text-based-dylib-definition"; name = "libc++.tbd"; path = "usr/lib/libc++.tbd"; sourceTree = SDKROOT; };
		A937D1FC24FD307900C59AA3 /* libsqlite3.tbd */ = {isa = PBXFileReference; lastKnownFileType = "sourcecode.text-based-dylib-definition"; name = libsqlite3.tbd; path = usr/lib/libsqlite3.tbd; sourceTree = SDKROOT; };
		A937D1FE24FD308100C59AA3 /* AddressBook.framework */ = {isa = PBXFileReference; lastKnownFileType = wrapper.framework; name = AddressBook.framework; path = System/Library/Frameworks/AddressBook.framework; sourceTree = SDKROOT; };
		A93A58E922BA8715000A542E /* SourceStatus.swift */ = {isa = PBXFileReference; lastKnownFileType = sourcecode.swift; path = SourceStatus.swift; sourceTree = "<group>"; };
		A94E062422A521CE009E0692 /* config.plist */ = {isa = PBXFileReference; lastKnownFileType = text.plist.xml; path = config.plist; sourceTree = "<group>"; };
		A94E064B22A530C6009E0692 /* GoogleService-Info.plist */ = {isa = PBXFileReference; fileEncoding = 4; lastKnownFileType = text.plist.xml; path = "GoogleService-Info.plist"; sourceTree = "<group>"; };
		A94E064E22A55CE3009E0692 /* Valet+Codable.swift */ = {isa = PBXFileReference; lastKnownFileType = sourcecode.swift; path = "Valet+Codable.swift"; sourceTree = "<group>"; };
		A95A811224FD202B006E9D3D /* XCTest.framework */ = {isa = PBXFileReference; lastKnownFileType = wrapper.framework; name = XCTest.framework; path = Platforms/iPhoneOS.platform/Developer/Library/Frameworks/XCTest.framework; sourceTree = DEVELOPER_DIR; };
		A974A8622296ECD000795ED8 /* RadarConfiguration.swift */ = {isa = PBXFileReference; lastKnownFileType = sourcecode.swift; path = RadarConfiguration.swift; sourceTree = "<group>"; };
		A974A8642296EDD400795ED8 /* FirebaseRadarConfiguration.swift */ = {isa = PBXFileReference; lastKnownFileType = sourcecode.swift; path = FirebaseRadarConfiguration.swift; sourceTree = "<group>"; };
		A97DE02D228975250069DFE3 /* QRPreviewView.swift */ = {isa = PBXFileReference; lastKnownFileType = sourcecode.swift; path = QRPreviewView.swift; sourceTree = "<group>"; };
		A97DE02F22899D050069DFE3 /* MPTokenViewController.swift */ = {isa = PBXFileReference; lastKnownFileType = sourcecode.swift; path = MPTokenViewController.swift; sourceTree = "<group>"; };
		A97DE0312289BA3D0069DFE3 /* MainViewController.swift */ = {isa = PBXFileReference; lastKnownFileType = sourcecode.swift; path = MainViewController.swift; sourceTree = "<group>"; };
		A98D39BC225F34E700385D2C /* radar_prmt_ios.xcdatamodel */ = {isa = PBXFileReference; lastKnownFileType = wrapper.xcdatamodel; path = radar_prmt_ios.xcdatamodel; sourceTree = "<group>"; };
		A997B26C21BEF1AB0029B43B /* radarPrmtIos.app */ = {isa = PBXFileReference; explicitFileType = wrapper.application; includeInIndex = 0; path = radarPrmtIos.app; sourceTree = BUILT_PRODUCTS_DIR; };
		A997B26F21BEF1AB0029B43B /* AppDelegate.swift */ = {isa = PBXFileReference; lastKnownFileType = sourcecode.swift; path = AppDelegate.swift; sourceTree = "<group>"; };
		A997B27121BEF1AB0029B43B /* LoadingViewController.swift */ = {isa = PBXFileReference; lastKnownFileType = sourcecode.swift; path = LoadingViewController.swift; sourceTree = "<group>"; };
		A997B27421BEF1AB0029B43B /* Base */ = {isa = PBXFileReference; lastKnownFileType = file.storyboard; name = Base; path = Base.lproj/Main.storyboard; sourceTree = "<group>"; };
		A997B27921BEF1AC0029B43B /* Assets.xcassets */ = {isa = PBXFileReference; lastKnownFileType = folder.assetcatalog; path = Assets.xcassets; sourceTree = "<group>"; };
		A997B27C21BEF1AC0029B43B /* Base */ = {isa = PBXFileReference; lastKnownFileType = file.storyboard; name = Base; path = Base.lproj/LaunchScreen.storyboard; sourceTree = "<group>"; };
		A997B27E21BEF1AC0029B43B /* Info.plist */ = {isa = PBXFileReference; lastKnownFileType = text.plist.xml; path = Info.plist; sourceTree = "<group>"; };
		A997B28321BEF1AC0029B43B /* radar-prmt-iosTests.xctest */ = {isa = PBXFileReference; explicitFileType = wrapper.cfbundle; includeInIndex = 0; path = "radar-prmt-iosTests.xctest"; sourceTree = BUILT_PRODUCTS_DIR; };
		A997B28721BEF1AC0029B43B /* radar_prmt_iosTests.swift */ = {isa = PBXFileReference; lastKnownFileType = sourcecode.swift; path = radar_prmt_iosTests.swift; sourceTree = "<group>"; };
		A997B28921BEF1AC0029B43B /* Info.plist */ = {isa = PBXFileReference; lastKnownFileType = text.plist.xml; path = Info.plist; sourceTree = "<group>"; };
		A997B28E21BEF1AC0029B43B /* radar-prmt-iosUITests.xctest */ = {isa = PBXFileReference; explicitFileType = wrapper.cfbundle; includeInIndex = 0; path = "radar-prmt-iosUITests.xctest"; sourceTree = BUILT_PRODUCTS_DIR; };
		A997B29221BEF1AC0029B43B /* radar_prmt_iosUITests.swift */ = {isa = PBXFileReference; lastKnownFileType = sourcecode.swift; path = radar_prmt_iosUITests.swift; sourceTree = "<group>"; };
		A997B29421BEF1AC0029B43B /* Info.plist */ = {isa = PBXFileReference; lastKnownFileType = text.plist.xml; path = Info.plist; sourceTree = "<group>"; };
		A997B2A421BEFFF70029B43B /* AvroDataWriter.swift */ = {isa = PBXFileReference; lastKnownFileType = sourcecode.swift; path = AvroDataWriter.swift; sourceTree = "<group>"; };
		A99AAE50225F390D005B57DA /* KafkaTopic+CoreDataClass.swift */ = {isa = PBXFileReference; fileEncoding = 4; lastKnownFileType = sourcecode.swift; path = "KafkaTopic+CoreDataClass.swift"; sourceTree = "<group>"; };
		A99AAE51225F390D005B57DA /* UploadPart+CoreDataClass.swift */ = {isa = PBXFileReference; fileEncoding = 4; lastKnownFileType = sourcecode.swift; path = "UploadPart+CoreDataClass.swift"; sourceTree = "<group>"; };
		A99AAE52225F390D005B57DA /* KafkaTopic+CoreDataProperties.swift */ = {isa = PBXFileReference; fileEncoding = 4; lastKnownFileType = sourcecode.swift; path = "KafkaTopic+CoreDataProperties.swift"; sourceTree = "<group>"; };
		A99AAE53225F390D005B57DA /* RecordSet+CoreDataProperties.swift */ = {isa = PBXFileReference; fileEncoding = 4; lastKnownFileType = sourcecode.swift; path = "RecordSet+CoreDataProperties.swift"; sourceTree = "<group>"; };
		A99AAE54225F390D005B57DA /* RecordSet+CoreDataClass.swift */ = {isa = PBXFileReference; fileEncoding = 4; lastKnownFileType = sourcecode.swift; path = "RecordSet+CoreDataClass.swift"; sourceTree = "<group>"; };
		A99AAE55225F390D005B57DA /* DataContainer+CoreDataClass.swift */ = {isa = PBXFileReference; fileEncoding = 4; lastKnownFileType = sourcecode.swift; path = "DataContainer+CoreDataClass.swift"; sourceTree = "<group>"; };
		A99AAE56225F390D005B57DA /* DataContainer+CoreDataProperties.swift */ = {isa = PBXFileReference; fileEncoding = 4; lastKnownFileType = sourcecode.swift; path = "DataContainer+CoreDataProperties.swift"; sourceTree = "<group>"; };
		A99AAE57225F390D005B57DA /* RecordSetGroup+CoreDataClass.swift */ = {isa = PBXFileReference; fileEncoding = 4; lastKnownFileType = sourcecode.swift; path = "RecordSetGroup+CoreDataClass.swift"; sourceTree = "<group>"; };
		A99AAE58225F390D005B57DA /* RecordSetUpload+CoreDataProperties.swift */ = {isa = PBXFileReference; fileEncoding = 4; lastKnownFileType = sourcecode.swift; path = "RecordSetUpload+CoreDataProperties.swift"; sourceTree = "<group>"; };
		A99AAE59225F390D005B57DA /* RecordSetGroup+CoreDataProperties.swift */ = {isa = PBXFileReference; fileEncoding = 4; lastKnownFileType = sourcecode.swift; path = "RecordSetGroup+CoreDataProperties.swift"; sourceTree = "<group>"; };
		A99AAE5A225F390D005B57DA /* RecordSetUpload+CoreDataClass.swift */ = {isa = PBXFileReference; fileEncoding = 4; lastKnownFileType = sourcecode.swift; path = "RecordSetUpload+CoreDataClass.swift"; sourceTree = "<group>"; };
		A99AAE5B225F390D005B57DA /* UploadPart+CoreDataProperties.swift */ = {isa = PBXFileReference; fileEncoding = 4; lastKnownFileType = sourcecode.swift; path = "UploadPart+CoreDataProperties.swift"; sourceTree = "<group>"; };
		A99AAEAE22646460005B57DA /* SchemaRegistryClientTest.swift */ = {isa = PBXFileReference; lastKnownFileType = sourcecode.swift; path = SchemaRegistryClientTest.swift; sourceTree = "<group>"; };
		A99AAEB02264648B005B57DA /* KafkaSenderTest.swift */ = {isa = PBXFileReference; fileEncoding = 4; lastKnownFileType = sourcecode.swift; path = KafkaSenderTest.swift; sourceTree = "<group>"; };
		A99AAEB822646BAB005B57DA /* MockDataController.swift */ = {isa = PBXFileReference; lastKnownFileType = sourcecode.swift; path = MockDataController.swift; sourceTree = "<group>"; };
		A99AAEBA22646E81005B57DA /* MockSourceManager.swift */ = {isa = PBXFileReference; lastKnownFileType = sourcecode.swift; path = MockSourceManager.swift; sourceTree = "<group>"; };
		A99AAEC32264CF9B005B57DA /* MockKafkaSendContext.swift */ = {isa = PBXFileReference; lastKnownFileType = sourcecode.swift; path = MockKafkaSendContext.swift; sourceTree = "<group>"; };
		A99C124A2271F6EC0042DF60 /* GzipRequestMedium.swift */ = {isa = PBXFileReference; lastKnownFileType = sourcecode.swift; path = GzipRequestMedium.swift; sourceTree = "<group>"; };
		A99C12502271F8B20042DF60 /* GzipMediumTest.swift */ = {isa = PBXFileReference; lastKnownFileType = sourcecode.swift; path = GzipMediumTest.swift; sourceTree = "<group>"; };
		A9B4363C22B131A300BC3C2C /* PrivacyPolicyViewController.swift */ = {isa = PBXFileReference; lastKnownFileType = sourcecode.swift; path = PrivacyPolicyViewController.swift; sourceTree = "<group>"; };
		A9B4364022B13D7200BC3C2C /* AuthController.swift */ = {isa = PBXFileReference; lastKnownFileType = sourcecode.swift; path = AuthController.swift; sourceTree = "<group>"; };
		A9B4364722B27E6300BC3C2C /* LocationProvider.swift */ = {isa = PBXFileReference; lastKnownFileType = sourcecode.swift; path = LocationProvider.swift; sourceTree = "<group>"; };
		A9B4364922B2833100BC3C2C /* SpamProvider.swift */ = {isa = PBXFileReference; lastKnownFileType = sourcecode.swift; path = SpamProvider.swift; sourceTree = "<group>"; };
		A9B4A32B21E7575C00C650E8 /* AvroDataExtractor.swift */ = {isa = PBXFileReference; fileEncoding = 4; lastKnownFileType = sourcecode.swift; lineEnding = 0; path = AvroDataExtractor.swift; sourceTree = "<group>"; };
		A9CC807121DE60C90067FA77 /* LocationProtocol.swift */ = {isa = PBXFileReference; lastKnownFileType = sourcecode.swift; path = LocationProtocol.swift; sourceTree = "<group>"; };
		A9CC807421DE63B40067FA77 /* AvroTopic.swift */ = {isa = PBXFileReference; lastKnownFileType = sourcecode.swift; path = AvroTopic.swift; sourceTree = "<group>"; };
		A9D9280921F87EE7007BB030 /* SpamProtocol.swift */ = {isa = PBXFileReference; lastKnownFileType = sourcecode.swift; path = SpamProtocol.swift; sourceTree = "<group>"; };
		A9D9280C21F8A917007BB030 /* KafkaSender.swift */ = {isa = PBXFileReference; lastKnownFileType = sourcecode.swift; path = KafkaSender.swift; sourceTree = "<group>"; };
		A9D9281021F8AA62007BB030 /* SchemaRegistryClient.swift */ = {isa = PBXFileReference; lastKnownFileType = sourcecode.swift; path = SchemaRegistryClient.swift; sourceTree = "<group>"; };
		A9D9281421F8BFB9007BB030 /* DataController.swift */ = {isa = PBXFileReference; lastKnownFileType = sourcecode.swift; path = DataController.swift; sourceTree = "<group>"; };
		A9D9281821F8C1B2007BB030 /* SourceController.swift */ = {isa = PBXFileReference; lastKnownFileType = sourcecode.swift; path = SourceController.swift; sourceTree = "<group>"; };
		A9D9281C21F8C4E0007BB030 /* KafkaController.swift */ = {isa = PBXFileReference; lastKnownFileType = sourcecode.swift; path = KafkaController.swift; sourceTree = "<group>"; };
		A9D9282121F9D539007BB030 /* CachedCollections.swift */ = {isa = PBXFileReference; lastKnownFileType = sourcecode.swift; path = CachedCollections.swift; sourceTree = "<group>"; };
		A9DFFFB2231FA17500AB3208 /* SourceProtocol.swift */ = {isa = PBXFileReference; lastKnownFileType = sourcecode.swift; path = SourceProtocol.swift; sourceTree = "<group>"; };
		A9DFFFB4231FA19700AB3208 /* SourceProvider.swift */ = {isa = PBXFileReference; lastKnownFileType = sourcecode.swift; path = SourceProvider.swift; sourceTree = "<group>"; };
		A9DFFFB6231FA1CC00AB3208 /* PluginDefinition.swift */ = {isa = PBXFileReference; lastKnownFileType = sourcecode.swift; path = PluginDefinition.swift; sourceTree = "<group>"; };
		A9DFFFB8231FA24A00AB3208 /* DelegatedSourceProvider.swift */ = {isa = PBXFileReference; lastKnownFileType = sourcecode.swift; path = DelegatedSourceProvider.swift; sourceTree = "<group>"; };
		A9DFFFBA231FA29800AB3208 /* AvroTopicCacheContext.swift */ = {isa = PBXFileReference; lastKnownFileType = sourcecode.swift; path = AvroTopicCacheContext.swift; sourceTree = "<group>"; };
		A9DFFFBC231FC22700AB3208 /* MPAuthorizer.swift */ = {isa = PBXFileReference; lastKnownFileType = sourcecode.swift; path = MPAuthorizer.swift; sourceTree = "<group>"; };
		A9DFFFBE231FC32E00AB3208 /* MPMetaToken.swift */ = {isa = PBXFileReference; lastKnownFileType = sourcecode.swift; path = MPMetaToken.swift; sourceTree = "<group>"; };
		A9DFFFC0231FC58E00AB3208 /* URLRequest+RESTJSON.swift */ = {isa = PBXFileReference; lastKnownFileType = sourcecode.swift; path = "URLRequest+RESTJSON.swift"; sourceTree = "<group>"; };
		A9DFFFC2231FC5CA00AB3208 /* MPAuthError.swift */ = {isa = PBXFileReference; lastKnownFileType = sourcecode.swift; path = MPAuthError.swift; sourceTree = "<group>"; };
		A9DFFFC5231FC61F00AB3208 /* Source.swift */ = {isa = PBXFileReference; lastKnownFileType = sourcecode.swift; path = Source.swift; sourceTree = "<group>"; };
		A9DFFFC7231FC65300AB3208 /* SourceType.swift */ = {isa = PBXFileReference; lastKnownFileType = sourcecode.swift; path = SourceType.swift; sourceTree = "<group>"; };
		A9DFFFC9231FC66D00AB3208 /* UserMetadata.swift */ = {isa = PBXFileReference; lastKnownFileType = sourcecode.swift; path = UserMetadata.swift; sourceTree = "<group>"; };
		A9DFFFCB231FC6C400AB3208 /* RetryDelay.swift */ = {isa = PBXFileReference; lastKnownFileType = sourcecode.swift; path = RetryDelay.swift; sourceTree = "<group>"; };
		A9F970B321C03C340003FF5F /* SourceManager.swift */ = {isa = PBXFileReference; lastKnownFileType = sourcecode.swift; path = SourceManager.swift; sourceTree = "<group>"; };
		A9F9715D21C040370003FF5F /* radar-schemas.bundle */ = {isa = PBXFileReference; lastKnownFileType = "wrapper.plug-in"; path = "radar-schemas.bundle"; sourceTree = "<group>"; };
		F3953F1125B8AE950010DBCB /* QRData.swift */ = {isa = PBXFileReference; lastKnownFileType = sourcecode.swift; path = QRData.swift; sourceTree = "<group>"; };
/* End PBXFileReference section */

/* Begin PBXFrameworksBuildPhase section */
		A997B26921BEF1AB0029B43B /* Frameworks */ = {
			isa = PBXFrameworksBuildPhase;
			buildActionMask = 2147483647;
			files = (
				A92AB46A25B5E5C200016348 /* Valet in Frameworks */,
				A92AB47225B5E60D00016348 /* RxAppState in Frameworks */,
				A92AB45B25B5E54E00016348 /* RxSwift in Frameworks */,
				A92AB46E25B5E5ED00016348 /* JWTDecode in Frameworks */,
				A92AB46625B5E5AB00016348 /* Gzip in Frameworks */,
				A92AB46225B5E59600016348 /* RxSwiftExt in Frameworks */,
				A92AB45125B5E4CC00016348 /* BlueSteel in Frameworks */,
				A92AB45925B5E54E00016348 /* RxCocoa in Frameworks */,
				A92AB47625B5E68500016348 /* FirebaseRemoteConfig in Frameworks */,
				A92AB45525B5E51400016348 /* Swifter in Frameworks */,
			);
			runOnlyForDeploymentPostprocessing = 0;
		};
		A997B28021BEF1AC0029B43B /* Frameworks */ = {
			isa = PBXFrameworksBuildPhase;
			buildActionMask = 2147483647;
			files = (
				A92AB47E25B5E8DB00016348 /* RxTest in Frameworks */,
				A92AB47C25B5E8D400016348 /* XCTest.framework in Frameworks */,
			);
			runOnlyForDeploymentPostprocessing = 0;
		};
		A997B28B21BEF1AC0029B43B /* Frameworks */ = {
			isa = PBXFrameworksBuildPhase;
			buildActionMask = 2147483647;
			files = (
			);
			runOnlyForDeploymentPostprocessing = 0;
		};
/* End PBXFrameworksBuildPhase section */

/* Begin PBXGroup section */
		A907214721C1A1E900C25849 /* data */ = {
			isa = PBXGroup;
			children = (
				A99AAE4F225F3840005B57DA /* generated */,
				A98D39BB225F34E700385D2C /* radar_prmt_ios.xcdatamodeld */,
				A9B4A32B21E7575C00C650E8 /* AvroDataExtractor.swift */,
				A997B2A421BEFFF70029B43B /* AvroDataWriter.swift */,
				A9D9281421F8BFB9007BB030 /* DataController.swift */,
			);
			path = data;
			sourceTree = "<group>";
		};
		A9350E5C21CC1DDC004BECCA /* auth */ = {
			isa = PBXGroup;
			children = (
				A9DFFFC4231FC61400AB3208 /* model */,
				A9B4364022B13D7200BC3C2C /* AuthController.swift */,
				A9245B33228582CC0089B069 /* LoginViewController.swift */,
				A9DFFFC2231FC5CA00AB3208 /* MPAuthError.swift */,
				A9DFFFBC231FC22700AB3208 /* MPAuthorizer.swift */,
				A9DFFFBE231FC32E00AB3208 /* MPMetaToken.swift */,
				A97DE02F22899D050069DFE3 /* MPTokenViewController.swift */,
				A9350E5D21CC1DEF004BECCA /* OAuth.swift */,
				A9B4363C22B131A300BC3C2C /* PrivacyPolicyViewController.swift */,
				A9245B352285855C0089B069 /* QRCodeViewController.swift */,
				A97DE02D228975250069DFE3 /* QRPreviewView.swift */,
				A9DFFFC0231FC58E00AB3208 /* URLRequest+RESTJSON.swift */,
			);
			path = auth;
			sourceTree = "<group>";
		};
		A974A8612296ECC200795ED8 /* config */ = {
			isa = PBXGroup;
			children = (
				A974A8622296ECD000795ED8 /* RadarConfiguration.swift */,
				A974A8642296EDD400795ED8 /* FirebaseRadarConfiguration.swift */,
				A94E064E22A55CE3009E0692 /* Valet+Codable.swift */,
			);
			path = config;
			sourceTree = "<group>";
		};
		A997B26321BEF1AB0029B43B = {
			isa = PBXGroup;
			children = (
				A997B26E21BEF1AB0029B43B /* radar-prmt-ios */,
				A997B28621BEF1AC0029B43B /* radar-prmt-iosTests */,
				A997B29121BEF1AC0029B43B /* radar-prmt-iosUITests */,
				A997B26D21BEF1AB0029B43B /* Products */,
				A997B2A821BF9FB60029B43B /* Frameworks */,
			);
			sourceTree = "<group>";
		};
		A997B26D21BEF1AB0029B43B /* Products */ = {
			isa = PBXGroup;
			children = (
				A997B26C21BEF1AB0029B43B /* radarPrmtIos.app */,
				A997B28321BEF1AC0029B43B /* radar-prmt-iosTests.xctest */,
				A997B28E21BEF1AC0029B43B /* radar-prmt-iosUITests.xctest */,
			);
			name = Products;
			sourceTree = "<group>";
		};
		A997B26E21BEF1AB0029B43B /* radar-prmt-ios */ = {
			isa = PBXGroup;
			children = (
				A974A8612296ECC200795ED8 /* config */,
				A9CC806F21DE609D0067FA77 /* plugins */,
				A9350E5C21CC1DDC004BECCA /* auth */,
				A907214721C1A1E900C25849 /* data */,
				A9F970B221C03C1D0003FF5F /* source */,
				A997B2B021BFA57D0029B43B /* kafka */,
				A9D9282021F9D4F9007BB030 /* util */,
				A997B26F21BEF1AB0029B43B /* AppDelegate.swift */,
				A997B27121BEF1AB0029B43B /* LoadingViewController.swift */,
				A997B27321BEF1AB0029B43B /* Main.storyboard */,
				A997B27921BEF1AC0029B43B /* Assets.xcassets */,
				A9245B31228581ED0089B069 /* QR_code_for_mobile_English_Wikipedia.svg.png */,
				A997B27B21BEF1AC0029B43B /* LaunchScreen.storyboard */,
				A997B27E21BEF1AC0029B43B /* Info.plist */,
				A94E064B22A530C6009E0692 /* GoogleService-Info.plist */,
				A9F9715D21C040370003FF5F /* radar-schemas.bundle */,
				A97DE0312289BA3D0069DFE3 /* MainViewController.swift */,
				A94E062422A521CE009E0692 /* config.plist */,
			);
			path = "radar-prmt-ios";
			sourceTree = "<group>";
		};
		A997B28621BEF1AC0029B43B /* radar-prmt-iosTests */ = {
			isa = PBXGroup;
			children = (
				A99C124F2271F8A00042DF60 /* kafka */,
				A99AAEBE22647424005B57DA /* mock */,
				A99AAEB02264648B005B57DA /* KafkaSenderTest.swift */,
				A997B28721BEF1AC0029B43B /* radar_prmt_iosTests.swift */,
				A99AAEAE22646460005B57DA /* SchemaRegistryClientTest.swift */,
				A997B28921BEF1AC0029B43B /* Info.plist */,
			);
			path = "radar-prmt-iosTests";
			sourceTree = "<group>";
		};
		A997B29121BEF1AC0029B43B /* radar-prmt-iosUITests */ = {
			isa = PBXGroup;
			children = (
				A997B29221BEF1AC0029B43B /* radar_prmt_iosUITests.swift */,
				A997B29421BEF1AC0029B43B /* Info.plist */,
			);
			path = "radar-prmt-iosUITests";
			sourceTree = "<group>";
		};
		A997B2A821BF9FB60029B43B /* Frameworks */ = {
			isa = PBXGroup;
			children = (
				A937D1FE24FD308100C59AA3 /* AddressBook.framework */,
				A937D1FC24FD307900C59AA3 /* libsqlite3.tbd */,
				A937D1FA24FD307000C59AA3 /* libc++.tbd */,
				A95A811224FD202B006E9D3D /* XCTest.framework */,
			);
			name = Frameworks;
			sourceTree = "<group>";
		};
		A997B2B021BFA57D0029B43B /* kafka */ = {
			isa = PBXGroup;
			children = (
				A9CC807421DE63B40067FA77 /* AvroTopic.swift */,
				A9DFFFBA231FA29800AB3208 /* AvroTopicCacheContext.swift */,
				A90EDF9A2276E6B200DC8517 /* DeflateRequestMedium.swift */,
				A99C124A2271F6EC0042DF60 /* GzipRequestMedium.swift */,
				A9D9281C21F8C4E0007BB030 /* KafkaController.swift */,
				A920C3452203429F000F6337 /* KafkaSendContext.swift */,
				A9D9280C21F8A917007BB030 /* KafkaSender.swift */,
				A920C3412202F3F8000F6337 /* NetworkReachability.swift */,
				A9296AB32268568D003B6134 /* RequestMedium.swift */,
				A9D9281021F8AA62007BB030 /* SchemaRegistryClient.swift */,
				A9296AB522685704003B6134 /* UploadContext.swift */,
			);
			path = kafka;
			sourceTree = "<group>";
		};
		A99AAE4F225F3840005B57DA /* generated */ = {
			isa = PBXGroup;
			children = (
				A99AAE55225F390D005B57DA /* DataContainer+CoreDataClass.swift */,
				A99AAE56225F390D005B57DA /* DataContainer+CoreDataProperties.swift */,
				A99AAE50225F390D005B57DA /* KafkaTopic+CoreDataClass.swift */,
				A99AAE52225F390D005B57DA /* KafkaTopic+CoreDataProperties.swift */,
				A99AAE54225F390D005B57DA /* RecordSet+CoreDataClass.swift */,
				A99AAE53225F390D005B57DA /* RecordSet+CoreDataProperties.swift */,
				A99AAE57225F390D005B57DA /* RecordSetGroup+CoreDataClass.swift */,
				A99AAE59225F390D005B57DA /* RecordSetGroup+CoreDataProperties.swift */,
				A99AAE5A225F390D005B57DA /* RecordSetUpload+CoreDataClass.swift */,
				A99AAE58225F390D005B57DA /* RecordSetUpload+CoreDataProperties.swift */,
				A99AAE51225F390D005B57DA /* UploadPart+CoreDataClass.swift */,
				A99AAE5B225F390D005B57DA /* UploadPart+CoreDataProperties.swift */,
			);
			path = generated;
			sourceTree = "<group>";
		};
		A99AAEBE22647424005B57DA /* mock */ = {
			isa = PBXGroup;
			children = (
				A99AAEB822646BAB005B57DA /* MockDataController.swift */,
				A99AAEBA22646E81005B57DA /* MockSourceManager.swift */,
				A99AAEC32264CF9B005B57DA /* MockKafkaSendContext.swift */,
			);
			path = mock;
			sourceTree = "<group>";
		};
		A99C124F2271F8A00042DF60 /* kafka */ = {
			isa = PBXGroup;
			children = (
				A99C12502271F8B20042DF60 /* GzipMediumTest.swift */,
				A90EDF9C2276EBC300DC8517 /* DeflateMediumTest.swift */,
			);
			path = kafka;
			sourceTree = "<group>";
		};
		A9CC806F21DE609D0067FA77 /* plugins */ = {
			isa = PBXGroup;
			children = (
				A9D9280B21F87EED007BB030 /* spammer */,
				A9CC807021DE60B00067FA77 /* location */,
			);
			path = plugins;
			sourceTree = "<group>";
		};
		A9CC807021DE60B00067FA77 /* location */ = {
			isa = PBXGroup;
			children = (
				A9CC807121DE60C90067FA77 /* LocationProtocol.swift */,
				A9B4364722B27E6300BC3C2C /* LocationProvider.swift */,
			);
			path = location;
			sourceTree = "<group>";
		};
		A9D9280B21F87EED007BB030 /* spammer */ = {
			isa = PBXGroup;
			children = (
				A9D9280921F87EE7007BB030 /* SpamProtocol.swift */,
				A9B4364922B2833100BC3C2C /* SpamProvider.swift */,
			);
			path = spammer;
			sourceTree = "<group>";
		};
		A9D9282021F9D4F9007BB030 /* util */ = {
			isa = PBXGroup;
			children = (
				A9D9282121F9D539007BB030 /* CachedCollections.swift */,
				A9DFFFCB231FC6C400AB3208 /* RetryDelay.swift */,
			);
			path = util;
			sourceTree = "<group>";
		};
		A9DFFFC4231FC61400AB3208 /* model */ = {
			isa = PBXGroup;
			children = (
				A9DFFFC5231FC61F00AB3208 /* Source.swift */,
				A9DFFFC7231FC65300AB3208 /* SourceType.swift */,
				A9DFFFC9231FC66D00AB3208 /* UserMetadata.swift */,
				F3953F1125B8AE950010DBCB /* QRData.swift */,
			);
			path = model;
			sourceTree = "<group>";
		};
		A9F970B221C03C1D0003FF5F /* source */ = {
			isa = PBXGroup;
			children = (
				A9F970B321C03C340003FF5F /* SourceManager.swift */,
				A9D9281821F8C1B2007BB030 /* SourceController.swift */,
				A93A58E922BA8715000A542E /* SourceStatus.swift */,
				A9DFFFB2231FA17500AB3208 /* SourceProtocol.swift */,
				A9DFFFB4231FA19700AB3208 /* SourceProvider.swift */,
				A9DFFFB6231FA1CC00AB3208 /* PluginDefinition.swift */,
				A9DFFFB8231FA24A00AB3208 /* DelegatedSourceProvider.swift */,
			);
			path = source;
			sourceTree = "<group>";
		};
/* End PBXGroup section */

/* Begin PBXNativeTarget section */
		A997B26B21BEF1AB0029B43B /* radar-prmt-ios */ = {
			isa = PBXNativeTarget;
			buildConfigurationList = A997B29721BEF1AC0029B43B /* Build configuration list for PBXNativeTarget "radar-prmt-ios" */;
			buildPhases = (
				A997B26821BEF1AB0029B43B /* Sources */,
				A997B26921BEF1AB0029B43B /* Frameworks */,
				A997B26A21BEF1AB0029B43B /* Resources */,
				A9F9716221C0F5DB0003FF5F /* Embed Frameworks */,
			);
			buildRules = (
			);
			dependencies = (
			);
			name = "radar-prmt-ios";
			packageProductDependencies = (
				A92AB45025B5E4CC00016348 /* BlueSteel */,
				A92AB45425B5E51400016348 /* Swifter */,
				A92AB45825B5E54E00016348 /* RxCocoa */,
				A92AB45A25B5E54E00016348 /* RxSwift */,
				A92AB46125B5E59600016348 /* RxSwiftExt */,
				A92AB46525B5E5AB00016348 /* Gzip */,
				A92AB46925B5E5C200016348 /* Valet */,
				A92AB46D25B5E5ED00016348 /* JWTDecode */,
				A92AB47125B5E60D00016348 /* RxAppState */,
				A92AB47525B5E68500016348 /* FirebaseRemoteConfig */,
			);
			productName = "radar-prmt-ios";
			productReference = A997B26C21BEF1AB0029B43B /* radarPrmtIos.app */;
			productType = "com.apple.product-type.application";
		};
		A997B28221BEF1AC0029B43B /* radar-prmt-iosTests */ = {
			isa = PBXNativeTarget;
			buildConfigurationList = A997B29A21BEF1AC0029B43B /* Build configuration list for PBXNativeTarget "radar-prmt-iosTests" */;
			buildPhases = (
				A997B27F21BEF1AC0029B43B /* Sources */,
				A997B28021BEF1AC0029B43B /* Frameworks */,
				A997B28121BEF1AC0029B43B /* Resources */,
				A99AAEB6226467B2005B57DA /* CopyFiles */,
			);
			buildRules = (
			);
			dependencies = (
				A997B28521BEF1AC0029B43B /* PBXTargetDependency */,
			);
			name = "radar-prmt-iosTests";
			packageProductDependencies = (
				A92AB47D25B5E8DB00016348 /* RxTest */,
			);
			productName = "radar-prmt-iosTests";
			productReference = A997B28321BEF1AC0029B43B /* radar-prmt-iosTests.xctest */;
			productType = "com.apple.product-type.bundle.unit-test";
		};
		A997B28D21BEF1AC0029B43B /* radar-prmt-iosUITests */ = {
			isa = PBXNativeTarget;
			buildConfigurationList = A997B29D21BEF1AC0029B43B /* Build configuration list for PBXNativeTarget "radar-prmt-iosUITests" */;
			buildPhases = (
				A997B28A21BEF1AC0029B43B /* Sources */,
				A997B28B21BEF1AC0029B43B /* Frameworks */,
				A997B28C21BEF1AC0029B43B /* Resources */,
			);
			buildRules = (
			);
			dependencies = (
				A997B29021BEF1AC0029B43B /* PBXTargetDependency */,
			);
			name = "radar-prmt-iosUITests";
			productName = "radar-prmt-iosUITests";
			productReference = A997B28E21BEF1AC0029B43B /* radar-prmt-iosUITests.xctest */;
			productType = "com.apple.product-type.bundle.ui-testing";
		};
/* End PBXNativeTarget section */

/* Begin PBXProject section */
		A997B26421BEF1AB0029B43B /* Project object */ = {
			isa = PBXProject;
			attributes = {
				BuildIndependentTargetsInParallel = YES;
				LastSwiftUpdateCheck = 1010;
				LastUpgradeCheck = 1430;
				ORGANIZATIONNAME = "Joris Borgdorff";
				TargetAttributes = {
					A997B26B21BEF1AB0029B43B = {
						CreatedOnToolsVersion = 10.1;
						LastSwiftMigration = 1020;
						SystemCapabilities = {
							com.apple.BackgroundModes = {
								enabled = 1;
							};
						};
					};
					A997B28221BEF1AC0029B43B = {
						CreatedOnToolsVersion = 10.1;
						LastSwiftMigration = 1020;
						TestTargetID = A997B26B21BEF1AB0029B43B;
					};
					A997B28D21BEF1AC0029B43B = {
						CreatedOnToolsVersion = 10.1;
						LastSwiftMigration = 1020;
						TestTargetID = A997B26B21BEF1AB0029B43B;
					};
				};
			};
			buildConfigurationList = A997B26721BEF1AB0029B43B /* Build configuration list for PBXProject "radar-prmt-ios" */;
			compatibilityVersion = "Xcode 11.0";
			developmentRegion = en;
			hasScannedForEncodings = 0;
			knownRegions = (
				en,
				Base,
			);
			mainGroup = A997B26321BEF1AB0029B43B;
			packageReferences = (
				A92AB44F25B5E4CC00016348 /* XCRemoteSwiftPackageReference "BlueSteel" */,
				A92AB45325B5E51400016348 /* XCRemoteSwiftPackageReference "swifter" */,
				A92AB45725B5E54E00016348 /* XCRemoteSwiftPackageReference "RxSwift" */,
				A92AB46025B5E59600016348 /* XCRemoteSwiftPackageReference "RxSwiftExt" */,
				A92AB46425B5E5AB00016348 /* XCRemoteSwiftPackageReference "GzipSwift" */,
				A92AB46825B5E5C200016348 /* XCRemoteSwiftPackageReference "Valet" */,
				A92AB46C25B5E5ED00016348 /* XCRemoteSwiftPackageReference "JWTDecode.swift" */,
				A92AB47025B5E60D00016348 /* XCRemoteSwiftPackageReference "RxAppState" */,
				A92AB47425B5E68500016348 /* XCRemoteSwiftPackageReference "firebase-ios-sdk" */,
			);
			productRefGroup = A997B26D21BEF1AB0029B43B /* Products */;
			projectDirPath = "";
			projectRoot = "";
			targets = (
				A997B26B21BEF1AB0029B43B /* radar-prmt-ios */,
				A997B28221BEF1AC0029B43B /* radar-prmt-iosTests */,
				A997B28D21BEF1AC0029B43B /* radar-prmt-iosUITests */,
			);
		};
/* End PBXProject section */

/* Begin PBXResourcesBuildPhase section */
		A997B26A21BEF1AB0029B43B /* Resources */ = {
			isa = PBXResourcesBuildPhase;
			buildActionMask = 2147483647;
			files = (
				A997B27D21BEF1AC0029B43B /* LaunchScreen.storyboard in Resources */,
				A997B27A21BEF1AC0029B43B /* Assets.xcassets in Resources */,
				A94E062522A521CE009E0692 /* config.plist in Resources */,
				A9245B32228581ED0089B069 /* QR_code_for_mobile_English_Wikipedia.svg.png in Resources */,
				A9F9715E21C0403A0003FF5F /* radar-schemas.bundle in Resources */,
				A997B27521BEF1AB0029B43B /* Main.storyboard in Resources */,
				A94E064C22A530C6009E0692 /* GoogleService-Info.plist in Resources */,
			);
			runOnlyForDeploymentPostprocessing = 0;
		};
		A997B28121BEF1AC0029B43B /* Resources */ = {
			isa = PBXResourcesBuildPhase;
			buildActionMask = 2147483647;
			files = (
			);
			runOnlyForDeploymentPostprocessing = 0;
		};
		A997B28C21BEF1AC0029B43B /* Resources */ = {
			isa = PBXResourcesBuildPhase;
			buildActionMask = 2147483647;
			files = (
			);
			runOnlyForDeploymentPostprocessing = 0;
		};
/* End PBXResourcesBuildPhase section */

/* Begin PBXSourcesBuildPhase section */
		A997B26821BEF1AB0029B43B /* Sources */ = {
			isa = PBXSourcesBuildPhase;
			buildActionMask = 2147483647;
			files = (
				A974A8632296ECD000795ED8 /* RadarConfiguration.swift in Sources */,
				A97DE03022899D050069DFE3 /* MPTokenViewController.swift in Sources */,
				A9DFFFBF231FC32E00AB3208 /* MPMetaToken.swift in Sources */,
				A9D9280A21F87EE7007BB030 /* SpamProtocol.swift in Sources */,
				A99AAE5E225F390D005B57DA /* KafkaTopic+CoreDataProperties.swift in Sources */,
				A9D9280D21F8A917007BB030 /* KafkaSender.swift in Sources */,
				A9DFFFB3231FA17500AB3208 /* SourceProtocol.swift in Sources */,
				A9D9281921F8C1B2007BB030 /* SourceController.swift in Sources */,
				A9DFFFCC231FC6C400AB3208 /* RetryDelay.swift in Sources */,
				A9DFFFBD231FC22700AB3208 /* MPAuthorizer.swift in Sources */,
				A90EDF9B2276E6B200DC8517 /* DeflateRequestMedium.swift in Sources */,
				A99AAE62225F390D005B57DA /* DataContainer+CoreDataProperties.swift in Sources */,
				A99AAE65225F390D005B57DA /* RecordSetGroup+CoreDataProperties.swift in Sources */,
				A997B27221BEF1AB0029B43B /* LoadingViewController.swift in Sources */,
				A9DFFFC3231FC5CA00AB3208 /* MPAuthError.swift in Sources */,
				A9D9281D21F8C4E0007BB030 /* KafkaController.swift in Sources */,
				A997B2A521BEFFF70029B43B /* AvroDataWriter.swift in Sources */,
				A9DFFFC6231FC61F00AB3208 /* Source.swift in Sources */,
				A974A8652296EDD400795ED8 /* FirebaseRadarConfiguration.swift in Sources */,
				A99AAE61225F390D005B57DA /* DataContainer+CoreDataClass.swift in Sources */,
				A99AAE63225F390D005B57DA /* RecordSetGroup+CoreDataClass.swift in Sources */,
				A920C3462203429F000F6337 /* KafkaSendContext.swift in Sources */,
				A9F970B421C03C340003FF5F /* SourceManager.swift in Sources */,
				A99AAE5C225F390D005B57DA /* KafkaTopic+CoreDataClass.swift in Sources */,
				A99C124B2271F6EC0042DF60 /* GzipRequestMedium.swift in Sources */,
				A9DFFFBB231FA29800AB3208 /* AvroTopicCacheContext.swift in Sources */,
				A920C3422202F3F8000F6337 /* NetworkReachability.swift in Sources */,
				A99AAE5F225F390D005B57DA /* RecordSet+CoreDataProperties.swift in Sources */,
				A99AAE60225F390D005B57DA /* RecordSet+CoreDataClass.swift in Sources */,
				F3953F1225B8AE960010DBCB /* QRData.swift in Sources */,
				A9B4364122B13D7200BC3C2C /* AuthController.swift in Sources */,
				A9CC807221DE60C90067FA77 /* LocationProtocol.swift in Sources */,
				A9DFFFB5231FA19700AB3208 /* SourceProvider.swift in Sources */,
				A9B4363D22B131A300BC3C2C /* PrivacyPolicyViewController.swift in Sources */,
				A99AAE66225F390D005B57DA /* RecordSetUpload+CoreDataClass.swift in Sources */,
				A997B27021BEF1AB0029B43B /* AppDelegate.swift in Sources */,
				A98D39BD225F34E700385D2C /* radar_prmt_ios.xcdatamodeld in Sources */,
				A9B4364822B27E6300BC3C2C /* LocationProvider.swift in Sources */,
				A9296AB42268568D003B6134 /* RequestMedium.swift in Sources */,
				A9CC807521DE63B40067FA77 /* AvroTopic.swift in Sources */,
				A97DE02E228975250069DFE3 /* QRPreviewView.swift in Sources */,
				A9245B362285855C0089B069 /* QRCodeViewController.swift in Sources */,
				A9DFFFCA231FC66D00AB3208 /* UserMetadata.swift in Sources */,
				A93A58EA22BA8715000A542E /* SourceStatus.swift in Sources */,
				A98D39BA225F349B00385D2C /* AvroDataExtractor.swift in Sources */,
				A9296AB622685704003B6134 /* UploadContext.swift in Sources */,
				A9350E5E21CC1DEF004BECCA /* OAuth.swift in Sources */,
				A9245B34228582CC0089B069 /* LoginViewController.swift in Sources */,
				A9D9281121F8AA62007BB030 /* SchemaRegistryClient.swift in Sources */,
				A99AAE64225F390D005B57DA /* RecordSetUpload+CoreDataProperties.swift in Sources */,
				A9DFFFC8231FC65300AB3208 /* SourceType.swift in Sources */,
				A9DFFFB9231FA24A00AB3208 /* DelegatedSourceProvider.swift in Sources */,
				A99AAE5D225F390D005B57DA /* UploadPart+CoreDataClass.swift in Sources */,
				A9D9281521F8BFB9007BB030 /* DataController.swift in Sources */,
				A9D9282221F9D539007BB030 /* CachedCollections.swift in Sources */,
				A94E064F22A55CE3009E0692 /* Valet+Codable.swift in Sources */,
				A9DFFFC1231FC58E00AB3208 /* URLRequest+RESTJSON.swift in Sources */,
				A99AAE67225F390D005B57DA /* UploadPart+CoreDataProperties.swift in Sources */,
				A97DE0322289BA3D0069DFE3 /* MainViewController.swift in Sources */,
				A9DFFFB7231FA1CC00AB3208 /* PluginDefinition.swift in Sources */,
				A9B4364A22B2833100BC3C2C /* SpamProvider.swift in Sources */,
			);
			runOnlyForDeploymentPostprocessing = 0;
		};
		A997B27F21BEF1AC0029B43B /* Sources */ = {
			isa = PBXSourcesBuildPhase;
			buildActionMask = 2147483647;
			files = (
				A90EDF9D2276EBC300DC8517 /* DeflateMediumTest.swift in Sources */,
				A997B28821BEF1AC0029B43B /* radar_prmt_iosTests.swift in Sources */,
				A99AAEB922646BAB005B57DA /* MockDataController.swift in Sources */,
				A99C12512271F8B20042DF60 /* GzipMediumTest.swift in Sources */,
				A99AAEB12264648B005B57DA /* KafkaSenderTest.swift in Sources */,
				A99AAEAF22646460005B57DA /* SchemaRegistryClientTest.swift in Sources */,
				A99AAEC42264CF9B005B57DA /* MockKafkaSendContext.swift in Sources */,
				A99AAEBB22646E81005B57DA /* MockSourceManager.swift in Sources */,
			);
			runOnlyForDeploymentPostprocessing = 0;
		};
		A997B28A21BEF1AC0029B43B /* Sources */ = {
			isa = PBXSourcesBuildPhase;
			buildActionMask = 2147483647;
			files = (
				A997B29321BEF1AC0029B43B /* radar_prmt_iosUITests.swift in Sources */,
			);
			runOnlyForDeploymentPostprocessing = 0;
		};
/* End PBXSourcesBuildPhase section */

/* Begin PBXTargetDependency section */
		A997B28521BEF1AC0029B43B /* PBXTargetDependency */ = {
			isa = PBXTargetDependency;
			target = A997B26B21BEF1AB0029B43B /* radar-prmt-ios */;
			targetProxy = A997B28421BEF1AC0029B43B /* PBXContainerItemProxy */;
		};
		A997B29021BEF1AC0029B43B /* PBXTargetDependency */ = {
			isa = PBXTargetDependency;
			target = A997B26B21BEF1AB0029B43B /* radar-prmt-ios */;
			targetProxy = A997B28F21BEF1AC0029B43B /* PBXContainerItemProxy */;
		};
/* End PBXTargetDependency section */

/* Begin PBXVariantGroup section */
		A997B27321BEF1AB0029B43B /* Main.storyboard */ = {
			isa = PBXVariantGroup;
			children = (
				A997B27421BEF1AB0029B43B /* Base */,
			);
			name = Main.storyboard;
			sourceTree = "<group>";
		};
		A997B27B21BEF1AC0029B43B /* LaunchScreen.storyboard */ = {
			isa = PBXVariantGroup;
			children = (
				A997B27C21BEF1AC0029B43B /* Base */,
			);
			name = LaunchScreen.storyboard;
			sourceTree = "<group>";
		};
/* End PBXVariantGroup section */

/* Begin XCBuildConfiguration section */
		A997B29521BEF1AC0029B43B /* Debug */ = {
			isa = XCBuildConfiguration;
			buildSettings = {
				ALWAYS_SEARCH_USER_PATHS = NO;
				CLANG_ANALYZER_NONNULL = YES;
				CLANG_ANALYZER_NUMBER_OBJECT_CONVERSION = YES_AGGRESSIVE;
				CLANG_CXX_LANGUAGE_STANDARD = "gnu++14";
				CLANG_CXX_LIBRARY = "libc++";
				CLANG_ENABLE_MODULES = YES;
				CLANG_ENABLE_OBJC_ARC = YES;
				CLANG_ENABLE_OBJC_WEAK = YES;
				CLANG_WARN_BLOCK_CAPTURE_AUTORELEASING = YES;
				CLANG_WARN_BOOL_CONVERSION = YES;
				CLANG_WARN_COMMA = YES;
				CLANG_WARN_CONSTANT_CONVERSION = YES;
				CLANG_WARN_DEPRECATED_OBJC_IMPLEMENTATIONS = YES;
				CLANG_WARN_DIRECT_OBJC_ISA_USAGE = YES_ERROR;
				CLANG_WARN_DOCUMENTATION_COMMENTS = YES;
				CLANG_WARN_EMPTY_BODY = YES;
				CLANG_WARN_ENUM_CONVERSION = YES;
				CLANG_WARN_INFINITE_RECURSION = YES;
				CLANG_WARN_INT_CONVERSION = YES;
				CLANG_WARN_NON_LITERAL_NULL_CONVERSION = YES;
				CLANG_WARN_OBJC_IMPLICIT_RETAIN_SELF = YES;
				CLANG_WARN_OBJC_LITERAL_CONVERSION = YES;
				CLANG_WARN_OBJC_ROOT_CLASS = YES_ERROR;
				CLANG_WARN_QUOTED_INCLUDE_IN_FRAMEWORK_HEADER = YES;
				CLANG_WARN_RANGE_LOOP_ANALYSIS = YES;
				CLANG_WARN_STRICT_PROTOTYPES = YES;
				CLANG_WARN_SUSPICIOUS_MOVE = YES;
				CLANG_WARN_UNGUARDED_AVAILABILITY = YES_AGGRESSIVE;
				CLANG_WARN_UNREACHABLE_CODE = YES;
				CLANG_WARN__DUPLICATE_METHOD_MATCH = YES;
				CODE_SIGN_IDENTITY = "iPhone Developer";
				COPY_PHASE_STRIP = NO;
				DEBUG_INFORMATION_FORMAT = dwarf;
				ENABLE_BITCODE = NO;
				ENABLE_STRICT_OBJC_MSGSEND = YES;
				ENABLE_TESTABILITY = YES;
				GCC_C_LANGUAGE_STANDARD = gnu11;
				GCC_DYNAMIC_NO_PIC = NO;
				GCC_NO_COMMON_BLOCKS = YES;
				GCC_OPTIMIZATION_LEVEL = 0;
				GCC_PREPROCESSOR_DEFINITIONS = (
					"DEBUG=1",
					"$(inherited)",
				);
				GCC_WARN_64_TO_32_BIT_CONVERSION = YES;
				GCC_WARN_ABOUT_RETURN_TYPE = YES_ERROR;
				GCC_WARN_UNDECLARED_SELECTOR = YES;
				GCC_WARN_UNINITIALIZED_AUTOS = YES_AGGRESSIVE;
				GCC_WARN_UNUSED_FUNCTION = YES;
				GCC_WARN_UNUSED_VARIABLE = YES;
				IPHONEOS_DEPLOYMENT_TARGET = 14.0;
				MTL_ENABLE_DEBUG_INFO = INCLUDE_SOURCE;
				MTL_FAST_MATH = YES;
				ONLY_ACTIVE_ARCH = YES;
				SDKROOT = iphoneos;
				SWIFT_ACTIVE_COMPILATION_CONDITIONS = DEBUG;
				SWIFT_OPTIMIZATION_LEVEL = "-Onone";
			};
			name = Debug;
		};
		A997B29621BEF1AC0029B43B /* Release */ = {
			isa = XCBuildConfiguration;
			buildSettings = {
				ALWAYS_SEARCH_USER_PATHS = NO;
				CLANG_ANALYZER_NONNULL = YES;
				CLANG_ANALYZER_NUMBER_OBJECT_CONVERSION = YES_AGGRESSIVE;
				CLANG_CXX_LANGUAGE_STANDARD = "gnu++14";
				CLANG_CXX_LIBRARY = "libc++";
				CLANG_ENABLE_MODULES = YES;
				CLANG_ENABLE_OBJC_ARC = YES;
				CLANG_ENABLE_OBJC_WEAK = YES;
				CLANG_WARN_BLOCK_CAPTURE_AUTORELEASING = YES;
				CLANG_WARN_BOOL_CONVERSION = YES;
				CLANG_WARN_COMMA = YES;
				CLANG_WARN_CONSTANT_CONVERSION = YES;
				CLANG_WARN_DEPRECATED_OBJC_IMPLEMENTATIONS = YES;
				CLANG_WARN_DIRECT_OBJC_ISA_USAGE = YES_ERROR;
				CLANG_WARN_DOCUMENTATION_COMMENTS = YES;
				CLANG_WARN_EMPTY_BODY = YES;
				CLANG_WARN_ENUM_CONVERSION = YES;
				CLANG_WARN_INFINITE_RECURSION = YES;
				CLANG_WARN_INT_CONVERSION = YES;
				CLANG_WARN_NON_LITERAL_NULL_CONVERSION = YES;
				CLANG_WARN_OBJC_IMPLICIT_RETAIN_SELF = YES;
				CLANG_WARN_OBJC_LITERAL_CONVERSION = YES;
				CLANG_WARN_OBJC_ROOT_CLASS = YES_ERROR;
				CLANG_WARN_QUOTED_INCLUDE_IN_FRAMEWORK_HEADER = YES;
				CLANG_WARN_RANGE_LOOP_ANALYSIS = YES;
				CLANG_WARN_STRICT_PROTOTYPES = YES;
				CLANG_WARN_SUSPICIOUS_MOVE = YES;
				CLANG_WARN_UNGUARDED_AVAILABILITY = YES_AGGRESSIVE;
				CLANG_WARN_UNREACHABLE_CODE = YES;
				CLANG_WARN__DUPLICATE_METHOD_MATCH = YES;
				CODE_SIGN_IDENTITY = "iPhone Developer";
				COPY_PHASE_STRIP = NO;
				DEBUG_INFORMATION_FORMAT = "dwarf-with-dsym";
				ENABLE_BITCODE = NO;
				ENABLE_NS_ASSERTIONS = NO;
				ENABLE_STRICT_OBJC_MSGSEND = YES;
				GCC_C_LANGUAGE_STANDARD = gnu11;
				GCC_NO_COMMON_BLOCKS = YES;
				GCC_WARN_64_TO_32_BIT_CONVERSION = YES;
				GCC_WARN_ABOUT_RETURN_TYPE = YES_ERROR;
				GCC_WARN_UNDECLARED_SELECTOR = YES;
				GCC_WARN_UNINITIALIZED_AUTOS = YES_AGGRESSIVE;
				GCC_WARN_UNUSED_FUNCTION = YES;
				GCC_WARN_UNUSED_VARIABLE = YES;
				IPHONEOS_DEPLOYMENT_TARGET = 14.0;
				MTL_ENABLE_DEBUG_INFO = NO;
				MTL_FAST_MATH = YES;
				SDKROOT = iphoneos;
				SWIFT_COMPILATION_MODE = wholemodule;
				SWIFT_OPTIMIZATION_LEVEL = "-O";
				VALIDATE_PRODUCT = YES;
			};
			name = Release;
		};
		A997B29821BEF1AC0029B43B /* Debug */ = {
			isa = XCBuildConfiguration;
			buildSettings = {
				ASSETCATALOG_COMPILER_APPICON_NAME = AppIcon;
				CODE_SIGN_STYLE = Automatic;
				DEVELOPMENT_TEAM = R96N8LKUNC;
				FRAMEWORK_SEARCH_PATHS = "$(inherited)";
				INFOPLIST_FILE = "radar-prmt-ios/Info.plist";
				IPHONEOS_DEPLOYMENT_TARGET = 12.0;
				LD_RUNPATH_SEARCH_PATHS = (
					"$(inherited)",
					"@executable_path/Frameworks",
				);
				LIBRARY_SEARCH_PATHS = (
					"$(inherited)",
					"$(SDKROOT)/usr/lib/swift",
				);
				OTHER_LDFLAGS = (
					"$(inherited)",
					"-ObjC",
				);
				PRODUCT_BUNDLE_IDENTIFIER = org.radarbase.prmt;
				PRODUCT_NAME = radarPrmtIos;
				SWIFT_VERSION = 5.0;
				TARGETED_DEVICE_FAMILY = "1,2";
			};
			name = Debug;
		};
		A997B29921BEF1AC0029B43B /* Release */ = {
			isa = XCBuildConfiguration;
			buildSettings = {
				ASSETCATALOG_COMPILER_APPICON_NAME = AppIcon;
				CODE_SIGN_STYLE = Automatic;
				DEVELOPMENT_TEAM = R96N8LKUNC;
				FRAMEWORK_SEARCH_PATHS = "$(inherited)";
				INFOPLIST_FILE = "radar-prmt-ios/Info.plist";
				IPHONEOS_DEPLOYMENT_TARGET = 12.0;
				LD_RUNPATH_SEARCH_PATHS = (
					"$(inherited)",
					"@executable_path/Frameworks",
				);
				LIBRARY_SEARCH_PATHS = (
					"$(inherited)",
					"$(SDKROOT)/usr/lib/swift",
				);
				OTHER_LDFLAGS = (
					"$(inherited)",
					"-ObjC",
				);
				PRODUCT_BUNDLE_IDENTIFIER = org.radarbase.prmt;
				PRODUCT_NAME = radarPrmtIos;
				SWIFT_VERSION = 5.0;
				TARGETED_DEVICE_FAMILY = "1,2";
			};
			name = Release;
		};
		A997B29B21BEF1AC0029B43B /* Debug */ = {
			isa = XCBuildConfiguration;
			buildSettings = {
				ALWAYS_EMBED_SWIFT_STANDARD_LIBRARIES = YES;
				BUNDLE_LOADER = "$(TEST_HOST)";
				CODE_SIGN_STYLE = Automatic;
				FRAMEWORK_SEARCH_PATHS = (
					"$(inherited)",
					"$(PROJECT_DIR)/Carthage/Build/iOS",
					"$(PROJECT_DIR)",
					"$(PROJECT_DIR)/Frameworks",
				);
				INFOPLIST_FILE = "radar-prmt-iosTests/Info.plist";
				LD_RUNPATH_SEARCH_PATHS = (
					"$(inherited)",
					"@executable_path/Frameworks",
					"@loader_path/Frameworks",
				);
				PRODUCT_BUNDLE_IDENTIFIER = "org.radarbase.radar-prmt-iosTests";
				PRODUCT_NAME = "$(TARGET_NAME)";
				SWIFT_VERSION = 5.0;
				TARGETED_DEVICE_FAMILY = "1,2";
				TEST_HOST = "$(BUILT_PRODUCTS_DIR)/radar-prmt-ios.app/radar-prmt-ios";
			};
			name = Debug;
		};
		A997B29C21BEF1AC0029B43B /* Release */ = {
			isa = XCBuildConfiguration;
			buildSettings = {
				ALWAYS_EMBED_SWIFT_STANDARD_LIBRARIES = YES;
				BUNDLE_LOADER = "$(TEST_HOST)";
				CODE_SIGN_STYLE = Automatic;
				FRAMEWORK_SEARCH_PATHS = (
					"$(inherited)",
					"$(PROJECT_DIR)/Carthage/Build/iOS",
					"$(PROJECT_DIR)",
					"$(PROJECT_DIR)/Frameworks",
				);
				INFOPLIST_FILE = "radar-prmt-iosTests/Info.plist";
				LD_RUNPATH_SEARCH_PATHS = (
					"$(inherited)",
					"@executable_path/Frameworks",
					"@loader_path/Frameworks",
				);
				PRODUCT_BUNDLE_IDENTIFIER = "org.radarbase.radar-prmt-iosTests";
				PRODUCT_NAME = "$(TARGET_NAME)";
				SWIFT_VERSION = 5.0;
				TARGETED_DEVICE_FAMILY = "1,2";
				TEST_HOST = "$(BUILT_PRODUCTS_DIR)/radar-prmt-ios.app/radar-prmt-ios";
			};
			name = Release;
		};
		A997B29E21BEF1AC0029B43B /* Debug */ = {
			isa = XCBuildConfiguration;
			buildSettings = {
				ALWAYS_EMBED_SWIFT_STANDARD_LIBRARIES = YES;
				CODE_SIGN_STYLE = Automatic;
				FRAMEWORK_SEARCH_PATHS = (
					"$(inherited)",
					"$(PROJECT_DIR)/Carthage/Build/iOS",
					"$(PROJECT_DIR)",
				);
				INFOPLIST_FILE = "radar-prmt-iosUITests/Info.plist";
				LD_RUNPATH_SEARCH_PATHS = (
					"$(inherited)",
					"@executable_path/Frameworks",
					"@loader_path/Frameworks",
				);
				PRODUCT_BUNDLE_IDENTIFIER = "org.radarbase.radar-prmt-iosUITests";
				PRODUCT_NAME = "$(TARGET_NAME)";
				SWIFT_VERSION = 5.0;
				TARGETED_DEVICE_FAMILY = "1,2";
				TEST_TARGET_NAME = "radar-prmt-ios";
			};
			name = Debug;
		};
		A997B29F21BEF1AC0029B43B /* Release */ = {
			isa = XCBuildConfiguration;
			buildSettings = {
				ALWAYS_EMBED_SWIFT_STANDARD_LIBRARIES = YES;
				CODE_SIGN_STYLE = Automatic;
				FRAMEWORK_SEARCH_PATHS = (
					"$(inherited)",
					"$(PROJECT_DIR)/Carthage/Build/iOS",
					"$(PROJECT_DIR)",
				);
				INFOPLIST_FILE = "radar-prmt-iosUITests/Info.plist";
				LD_RUNPATH_SEARCH_PATHS = (
					"$(inherited)",
					"@executable_path/Frameworks",
					"@loader_path/Frameworks",
				);
				PRODUCT_BUNDLE_IDENTIFIER = "org.radarbase.radar-prmt-iosUITests";
				PRODUCT_NAME = "$(TARGET_NAME)";
				SWIFT_VERSION = 5.0;
				TARGETED_DEVICE_FAMILY = "1,2";
				TEST_TARGET_NAME = "radar-prmt-ios";
			};
			name = Release;
		};
/* End XCBuildConfiguration section */

/* Begin XCConfigurationList section */
		A997B26721BEF1AB0029B43B /* Build configuration list for PBXProject "radar-prmt-ios" */ = {
			isa = XCConfigurationList;
			buildConfigurations = (
				A997B29521BEF1AC0029B43B /* Debug */,
				A997B29621BEF1AC0029B43B /* Release */,
			);
			defaultConfigurationIsVisible = 0;
			defaultConfigurationName = Release;
		};
		A997B29721BEF1AC0029B43B /* Build configuration list for PBXNativeTarget "radar-prmt-ios" */ = {
			isa = XCConfigurationList;
			buildConfigurations = (
				A997B29821BEF1AC0029B43B /* Debug */,
				A997B29921BEF1AC0029B43B /* Release */,
			);
			defaultConfigurationIsVisible = 0;
			defaultConfigurationName = Release;
		};
		A997B29A21BEF1AC0029B43B /* Build configuration list for PBXNativeTarget "radar-prmt-iosTests" */ = {
			isa = XCConfigurationList;
			buildConfigurations = (
				A997B29B21BEF1AC0029B43B /* Debug */,
				A997B29C21BEF1AC0029B43B /* Release */,
			);
			defaultConfigurationIsVisible = 0;
			defaultConfigurationName = Release;
		};
		A997B29D21BEF1AC0029B43B /* Build configuration list for PBXNativeTarget "radar-prmt-iosUITests" */ = {
			isa = XCConfigurationList;
			buildConfigurations = (
				A997B29E21BEF1AC0029B43B /* Debug */,
				A997B29F21BEF1AC0029B43B /* Release */,
			);
			defaultConfigurationIsVisible = 0;
			defaultConfigurationName = Release;
		};
/* End XCConfigurationList section */

/* Begin XCRemoteSwiftPackageReference section */
		A92AB44F25B5E4CC00016348 /* XCRemoteSwiftPackageReference "BlueSteel" */ = {
			isa = XCRemoteSwiftPackageReference;
			repositoryURL = "https://github.com/thehyve/BlueSteel.git";
			requirement = {
				kind = upToNextMajorVersion;
				minimumVersion = 4.0.0;
			};
		};
		A92AB45325B5E51400016348 /* XCRemoteSwiftPackageReference "swifter" */ = {
			isa = XCRemoteSwiftPackageReference;
			repositoryURL = "https://github.com/httpswift/swifter.git";
			requirement = {
				kind = upToNextMajorVersion;
				minimumVersion = 1.5.0;
			};
		};
		A92AB45725B5E54E00016348 /* XCRemoteSwiftPackageReference "RxSwift" */ = {
			isa = XCRemoteSwiftPackageReference;
			repositoryURL = "https://github.com/ReactiveX/RxSwift.git";
			requirement = {
				kind = upToNextMajorVersion;
				minimumVersion = 5.0.0;
			};
		};
		A92AB46025B5E59600016348 /* XCRemoteSwiftPackageReference "RxSwiftExt" */ = {
			isa = XCRemoteSwiftPackageReference;
			repositoryURL = "https://github.com/RxSwiftCommunity/RxSwiftExt.git";
			requirement = {
				kind = upToNextMajorVersion;
				minimumVersion = 5.0.0;
			};
		};
		A92AB46425B5E5AB00016348 /* XCRemoteSwiftPackageReference "GzipSwift" */ = {
			isa = XCRemoteSwiftPackageReference;
			repositoryURL = "https://github.com/1024jp/GzipSwift.git";
			requirement = {
				kind = upToNextMajorVersion;
				minimumVersion = 5.1.1;
			};
		};
		A92AB46825B5E5C200016348 /* XCRemoteSwiftPackageReference "Valet" */ = {
			isa = XCRemoteSwiftPackageReference;
			repositoryURL = "https://github.com/square/Valet.git";
			requirement = {
				kind = upToNextMajorVersion;
				minimumVersion = 4.1.1;
			};
		};
		A92AB46C25B5E5ED00016348 /* XCRemoteSwiftPackageReference "JWTDecode.swift" */ = {
			isa = XCRemoteSwiftPackageReference;
			repositoryURL = "https://github.com/auth0/JWTDecode.swift.git";
			requirement = {
				kind = upToNextMajorVersion;
				minimumVersion = 2.5.0;
			};
		};
		A92AB47025B5E60D00016348 /* XCRemoteSwiftPackageReference "RxAppState" */ = {
			isa = XCRemoteSwiftPackageReference;
			repositoryURL = "https://github.com/pixeldock/RxAppState.git";
			requirement = {
				kind = upToNextMajorVersion;
				minimumVersion = 1.6.1;
			};
		};
		A92AB47425B5E68500016348 /* XCRemoteSwiftPackageReference "firebase-ios-sdk" */ = {
			isa = XCRemoteSwiftPackageReference;
			repositoryURL = "https://github.com/firebase/firebase-ios-sdk.git";
			requirement = {
				kind = upToNextMajorVersion;
				minimumVersion = 7.4.0;
			};
		};
/* End XCRemoteSwiftPackageReference section */

/* Begin XCSwiftPackageProductDependency section */
		A92AB45025B5E4CC00016348 /* BlueSteel */ = {
			isa = XCSwiftPackageProductDependency;
			package = A92AB44F25B5E4CC00016348 /* XCRemoteSwiftPackageReference "BlueSteel" */;
			productName = BlueSteel;
		};
		A92AB45425B5E51400016348 /* Swifter */ = {
			isa = XCSwiftPackageProductDependency;
			package = A92AB45325B5E51400016348 /* XCRemoteSwiftPackageReference "swifter" */;
			productName = Swifter;
		};
		A92AB45825B5E54E00016348 /* RxCocoa */ = {
			isa = XCSwiftPackageProductDependency;
			package = A92AB45725B5E54E00016348 /* XCRemoteSwiftPackageReference "RxSwift" */;
			productName = RxCocoa;
		};
		A92AB45A25B5E54E00016348 /* RxSwift */ = {
			isa = XCSwiftPackageProductDependency;
			package = A92AB45725B5E54E00016348 /* XCRemoteSwiftPackageReference "RxSwift" */;
			productName = RxSwift;
		};
		A92AB46125B5E59600016348 /* RxSwiftExt */ = {
			isa = XCSwiftPackageProductDependency;
			package = A92AB46025B5E59600016348 /* XCRemoteSwiftPackageReference "RxSwiftExt" */;
			productName = RxSwiftExt;
		};
		A92AB46525B5E5AB00016348 /* Gzip */ = {
			isa = XCSwiftPackageProductDependency;
			package = A92AB46425B5E5AB00016348 /* XCRemoteSwiftPackageReference "GzipSwift" */;
			productName = Gzip;
		};
		A92AB46925B5E5C200016348 /* Valet */ = {
			isa = XCSwiftPackageProductDependency;
			package = A92AB46825B5E5C200016348 /* XCRemoteSwiftPackageReference "Valet" */;
			productName = Valet;
		};
		A92AB46D25B5E5ED00016348 /* JWTDecode */ = {
			isa = XCSwiftPackageProductDependency;
			package = A92AB46C25B5E5ED00016348 /* XCRemoteSwiftPackageReference "JWTDecode.swift" */;
			productName = JWTDecode;
		};
		A92AB47125B5E60D00016348 /* RxAppState */ = {
			isa = XCSwiftPackageProductDependency;
			package = A92AB47025B5E60D00016348 /* XCRemoteSwiftPackageReference "RxAppState" */;
			productName = RxAppState;
		};
		A92AB47525B5E68500016348 /* FirebaseRemoteConfig */ = {
			isa = XCSwiftPackageProductDependency;
			package = A92AB47425B5E68500016348 /* XCRemoteSwiftPackageReference "firebase-ios-sdk" */;
			productName = FirebaseRemoteConfig;
		};
		A92AB47D25B5E8DB00016348 /* RxTest */ = {
			isa = XCSwiftPackageProductDependency;
			package = A92AB45725B5E54E00016348 /* XCRemoteSwiftPackageReference "RxSwift" */;
			productName = RxTest;
		};
/* End XCSwiftPackageProductDependency section */

/* Begin XCVersionGroup section */
		A98D39BB225F34E700385D2C /* radar_prmt_ios.xcdatamodeld */ = {
			isa = XCVersionGroup;
			children = (
				A98D39BC225F34E700385D2C /* radar_prmt_ios.xcdatamodel */,
			);
			currentVersion = A98D39BC225F34E700385D2C /* radar_prmt_ios.xcdatamodel */;
			path = radar_prmt_ios.xcdatamodeld;
			sourceTree = "<group>";
			versionGroupType = wrapper.xcdatamodel;
		};
/* End XCVersionGroup section */
	};
	rootObject = A997B26421BEF1AB0029B43B /* Project object */;
}
